// !$*UTF8*$!
{
	archiveVersion = 1;
	classes = {
	};
	objectVersion = 46;
	objects = {

/* Begin PBXBuildFile section */
		5C10F92E1B49E85200992B63 /* UIColor+HHColor.m in Sources */ = {isa = PBXBuildFile; fileRef = 5C10F92D1B49E85200992B63 /* UIColor+HHColor.m */; };
		5C39807A1B4ACA2B0057B049 /* UIView+HHRect.m in Sources */ = {isa = PBXBuildFile; fileRef = 5C3980791B4ACA2B0057B049 /* UIView+HHRect.m */; };
		5C54517B1B4EA5130025D19F /* UIBarButtonItem+HHCustomButton.m in Sources */ = {isa = PBXBuildFile; fileRef = 5C54517A1B4EA5130025D19F /* UIBarButtonItem+HHCustomButton.m */; };
		5C5451A61B51A7480025D19F /* MapKit.framework in Frameworks */ = {isa = PBXBuildFile; fileRef = 5C5451A51B51A7480025D19F /* MapKit.framework */; };
		5C5451A81B51A7520025D19F /* CoreLocation.framework in Frameworks */ = {isa = PBXBuildFile; fileRef = 5C5451A71B51A7520025D19F /* CoreLocation.framework */; };
		5C5451D21B52BE1D0025D19F /* UIImage+HHImage.m in Sources */ = {isa = PBXBuildFile; fileRef = 5C5451D11B52BE1D0025D19F /* UIImage+HHImage.m */; };
		5C5F872A1BF16B80006F9594 /* AudioToolbox.framework in Frameworks */ = {isa = PBXBuildFile; fileRef = 5C5F87291BF16B80006F9594 /* AudioToolbox.framework */; };
		5C5F872C1BF16B8F006F9594 /* CoreGraphics.framework in Frameworks */ = {isa = PBXBuildFile; fileRef = 5C5F872B1BF16B8F006F9594 /* CoreGraphics.framework */; };
		5C5F872E1BF16B98006F9594 /* CoreMotion.framework in Frameworks */ = {isa = PBXBuildFile; fileRef = 5C5F872D1BF16B98006F9594 /* CoreMotion.framework */; };
		5C5F87301BF16BA8006F9594 /* Foundation.framework in Frameworks */ = {isa = PBXBuildFile; fileRef = 5C5F872F1BF16BA8006F9594 /* Foundation.framework */; };
		5C5F87321BF16BB1006F9594 /* GLKit.framework in Frameworks */ = {isa = PBXBuildFile; fileRef = 5C5F87311BF16BB1006F9594 /* GLKit.framework */; };
		5C5F87341BF16BBA006F9594 /* libc++.tbd in Frameworks */ = {isa = PBXBuildFile; fileRef = 5C5F87331BF16BBA006F9594 /* libc++.tbd */; };
		5C5F87361BF16BCE006F9594 /* OpenGLES.framework in Frameworks */ = {isa = PBXBuildFile; fileRef = 5C5F87351BF16BCE006F9594 /* OpenGLES.framework */; };
		5C5F87381BF16BD6006F9594 /* QuartzCore.framework in Frameworks */ = {isa = PBXBuildFile; fileRef = 5C5F87371BF16BD6006F9594 /* QuartzCore.framework */; };
		5C5F873A1BF16BEF006F9594 /* UIKit.framework in Frameworks */ = {isa = PBXBuildFile; fileRef = 5C5F87391BF16BEF006F9594 /* UIKit.framework */; };
		5C5F87671BF6723F006F9594 /* HHEventTrackingManager.m in Sources */ = {isa = PBXBuildFile; fileRef = 5C5F87661BF6723F006F9594 /* HHEventTrackingManager.m */; };
		5C7A4EEE1BBCD2DE003DB168 /* libicucore.tbd in Frameworks */ = {isa = PBXBuildFile; fileRef = 5C7A4EED1BBCD2DE003DB168 /* libicucore.tbd */; };
		5C7A4EF01BBCD345003DB168 /* libz.tbd in Frameworks */ = {isa = PBXBuildFile; fileRef = 5C7A4EEF1BBCD345003DB168 /* libz.tbd */; };
		5C7A4EF41BBCD7EF003DB168 /* MobileCoreServices.framework in Frameworks */ = {isa = PBXBuildFile; fileRef = 5C7A4EF31BBCD7EF003DB168 /* MobileCoreServices.framework */; };
		5C7A4EF61BBCD7FC003DB168 /* CoreTelephony.framework in Frameworks */ = {isa = PBXBuildFile; fileRef = 5C7A4EF51BBCD7FB003DB168 /* CoreTelephony.framework */; };
		5CC3B6011B48268A00D10DFB /* main.m in Sources */ = {isa = PBXBuildFile; fileRef = 5CC3B6001B48268A00D10DFB /* main.m */; };
		5CC3B6041B48268A00D10DFB /* HHAppDelegate.m in Sources */ = {isa = PBXBuildFile; fileRef = 5CC3B6031B48268A00D10DFB /* HHAppDelegate.m */; };
		5CC3B60C1B48268A00D10DFB /* Images.xcassets in Resources */ = {isa = PBXBuildFile; fileRef = 5CC3B60B1B48268A00D10DFB /* Images.xcassets */; };
		5CC3B61B1B48268A00D10DFB /* hahaxuecheTests.m in Sources */ = {isa = PBXBuildFile; fileRef = 5CC3B61A1B48268A00D10DFB /* hahaxuecheTests.m */; };
		5CD4E9F81B5AA10C003CF15E /* SystemConfiguration.framework in Frameworks */ = {isa = PBXBuildFile; fileRef = 5CD4E9F71B5AA10C003CF15E /* SystemConfiguration.framework */; };
		5CD4E9FA1B5AA115003CF15E /* MessageUI.framework in Frameworks */ = {isa = PBXBuildFile; fileRef = 5CD4E9F91B5AA115003CF15E /* MessageUI.framework */; };
		5CD4EA421B5DE6BC003CF15E /* HHFormatUtility.m in Sources */ = {isa = PBXBuildFile; fileRef = 5CD4EA411B5DE6BC003CF15E /* HHFormatUtility.m */; };
		5CDE14461C36E5FE0004778C /* HHIntroViewController.m in Sources */ = {isa = PBXBuildFile; fileRef = 5CDE14451C36E5FE0004778C /* HHIntroViewController.m */; };
		5CDE144B1C36EC570004778C /* HHButton.m in Sources */ = {isa = PBXBuildFile; fileRef = 5CDE144A1C36EC570004778C /* HHButton.m */; };
		5CDE14511C3715F90004778C /* HHRegisterViewController.m in Sources */ = {isa = PBXBuildFile; fileRef = 5CDE14501C3715F90004778C /* HHRegisterViewController.m */; };
		5CDE14571C3723020004778C /* HHTextFieldView.m in Sources */ = {isa = PBXBuildFile; fileRef = 5CDE14561C3723020004778C /* HHTextFieldView.m */; };
		5CDE145A1C3737670004778C /* HHPhoneNumberUtility.m in Sources */ = {isa = PBXBuildFile; fileRef = 5CDE14591C3737670004778C /* HHPhoneNumberUtility.m */; };
		5CDE14681C3771880004778C /* ic_arrow_back@1x.png in Resources */ = {isa = PBXBuildFile; fileRef = 5CDE14651C3771880004778C /* ic_arrow_back@1x.png */; };
		5CDE14691C3771880004778C /* ic_arrow_back@2x.png in Resources */ = {isa = PBXBuildFile; fileRef = 5CDE14661C3771880004778C /* ic_arrow_back@2x.png */; };
		5CDE146A1C3771880004778C /* ic_arrow_back@3x.png in Resources */ = {isa = PBXBuildFile; fileRef = 5CDE14671C3771880004778C /* ic_arrow_back@3x.png */; };
		5CDE146D1C3775C00004778C /* HHAccountSetupViewController.m in Sources */ = {isa = PBXBuildFile; fileRef = 5CDE146C1C3775C00004778C /* HHAccountSetupViewController.m */; };
		5CDE14711C3776E20004778C /* onboard_bg@1x.png in Resources */ = {isa = PBXBuildFile; fileRef = 5CDE146E1C3776E20004778C /* onboard_bg@1x.png */; };
		5CDE14721C3776E20004778C /* onboard_bg@2x.png in Resources */ = {isa = PBXBuildFile; fileRef = 5CDE146F1C3776E20004778C /* onboard_bg@2x.png */; };
		5CDE14731C3776E20004778C /* onboard_bg@3x.png in Resources */ = {isa = PBXBuildFile; fileRef = 5CDE14701C3776E20004778C /* onboard_bg@3x.png */; };
		5CDE14761C3778BD0004778C /* HHToastManager.m in Sources */ = {isa = PBXBuildFile; fileRef = 5CDE14751C3778BD0004778C /* HHToastManager.m */; };
		5CDE147E1C3787CF0004778C /* ic_avatar_btn@1x.png in Resources */ = {isa = PBXBuildFile; fileRef = 5CDE14781C3787CF0004778C /* ic_avatar_btn@1x.png */; };
		5CDE147F1C3787CF0004778C /* ic_avatar_btn@2x.png in Resources */ = {isa = PBXBuildFile; fileRef = 5CDE14791C3787CF0004778C /* ic_avatar_btn@2x.png */; };
		5CDE14801C3787CF0004778C /* ic_avatar_btn@3x.png in Resources */ = {isa = PBXBuildFile; fileRef = 5CDE147A1C3787CF0004778C /* ic_avatar_btn@3x.png */; };
		5CDE14811C3787CF0004778C /* ic_triangle@1x.png in Resources */ = {isa = PBXBuildFile; fileRef = 5CDE147B1C3787CF0004778C /* ic_triangle@1x.png */; };
		5CDE14821C3787CF0004778C /* ic_triangle@2x.png in Resources */ = {isa = PBXBuildFile; fileRef = 5CDE147C1C3787CF0004778C /* ic_triangle@2x.png */; };
		5CDE14831C3787CF0004778C /* ic_triangle@3x.png in Resources */ = {isa = PBXBuildFile; fileRef = 5CDE147D1C3787CF0004778C /* ic_triangle@3x.png */; };
		5CDE14861C3852E30004778C /* HHCitySelectView.m in Sources */ = {isa = PBXBuildFile; fileRef = 5CDE14851C3852E30004778C /* HHCitySelectView.m */; };
		5CDE14891C3859290004778C /* HHPopupUtility.m in Sources */ = {isa = PBXBuildFile; fileRef = 5CDE14881C3859290004778C /* HHPopupUtility.m */; };
		D68F0EFAEA66F3DCDFE972F8 /* libPods.a in Frameworks */ = {isa = PBXBuildFile; fileRef = D5B0110F2ECD81DF5CD4D72E /* libPods.a */; };
/* End PBXBuildFile section */

/* Begin PBXContainerItemProxy section */
		5CC3B6151B48268A00D10DFB /* PBXContainerItemProxy */ = {
			isa = PBXContainerItemProxy;
			containerPortal = 5CC3B5F31B48268A00D10DFB /* Project object */;
			proxyType = 1;
			remoteGlobalIDString = 5CC3B5FA1B48268A00D10DFB;
			remoteInfo = hahaxueche;
		};
/* End PBXContainerItemProxy section */

/* Begin PBXFileReference section */
		5C10F92C1B49E85200992B63 /* UIColor+HHColor.h */ = {isa = PBXFileReference; fileEncoding = 4; lastKnownFileType = sourcecode.c.h; path = "UIColor+HHColor.h"; sourceTree = "<group>"; };
		5C10F92D1B49E85200992B63 /* UIColor+HHColor.m */ = {isa = PBXFileReference; fileEncoding = 4; lastKnownFileType = sourcecode.c.objc; path = "UIColor+HHColor.m"; sourceTree = "<group>"; };
		5C3980781B4ACA2B0057B049 /* UIView+HHRect.h */ = {isa = PBXFileReference; fileEncoding = 4; lastKnownFileType = sourcecode.c.h; path = "UIView+HHRect.h"; sourceTree = "<group>"; };
		5C3980791B4ACA2B0057B049 /* UIView+HHRect.m */ = {isa = PBXFileReference; fileEncoding = 4; lastKnownFileType = sourcecode.c.objc; path = "UIView+HHRect.m"; sourceTree = "<group>"; };
		5C5451791B4EA5130025D19F /* UIBarButtonItem+HHCustomButton.h */ = {isa = PBXFileReference; fileEncoding = 4; lastKnownFileType = sourcecode.c.h; path = "UIBarButtonItem+HHCustomButton.h"; sourceTree = "<group>"; };
		5C54517A1B4EA5130025D19F /* UIBarButtonItem+HHCustomButton.m */ = {isa = PBXFileReference; fileEncoding = 4; lastKnownFileType = sourcecode.c.objc; path = "UIBarButtonItem+HHCustomButton.m"; sourceTree = "<group>"; };
		5C5451A51B51A7480025D19F /* MapKit.framework */ = {isa = PBXFileReference; lastKnownFileType = wrapper.framework; name = MapKit.framework; path = System/Library/Frameworks/MapKit.framework; sourceTree = SDKROOT; };
		5C5451A71B51A7520025D19F /* CoreLocation.framework */ = {isa = PBXFileReference; lastKnownFileType = wrapper.framework; name = CoreLocation.framework; path = System/Library/Frameworks/CoreLocation.framework; sourceTree = SDKROOT; };
		5C5451D01B52BE1D0025D19F /* UIImage+HHImage.h */ = {isa = PBXFileReference; fileEncoding = 4; lastKnownFileType = sourcecode.c.h; path = "UIImage+HHImage.h"; sourceTree = "<group>"; };
		5C5451D11B52BE1D0025D19F /* UIImage+HHImage.m */ = {isa = PBXFileReference; fileEncoding = 4; lastKnownFileType = sourcecode.c.objc; path = "UIImage+HHImage.m"; sourceTree = "<group>"; };
		5C5F87291BF16B80006F9594 /* AudioToolbox.framework */ = {isa = PBXFileReference; lastKnownFileType = wrapper.framework; name = AudioToolbox.framework; path = System/Library/Frameworks/AudioToolbox.framework; sourceTree = SDKROOT; };
		5C5F872B1BF16B8F006F9594 /* CoreGraphics.framework */ = {isa = PBXFileReference; lastKnownFileType = wrapper.framework; name = CoreGraphics.framework; path = System/Library/Frameworks/CoreGraphics.framework; sourceTree = SDKROOT; };
		5C5F872D1BF16B98006F9594 /* CoreMotion.framework */ = {isa = PBXFileReference; lastKnownFileType = wrapper.framework; name = CoreMotion.framework; path = System/Library/Frameworks/CoreMotion.framework; sourceTree = SDKROOT; };
		5C5F872F1BF16BA8006F9594 /* Foundation.framework */ = {isa = PBXFileReference; lastKnownFileType = wrapper.framework; name = Foundation.framework; path = System/Library/Frameworks/Foundation.framework; sourceTree = SDKROOT; };
		5C5F87311BF16BB1006F9594 /* GLKit.framework */ = {isa = PBXFileReference; lastKnownFileType = wrapper.framework; name = GLKit.framework; path = System/Library/Frameworks/GLKit.framework; sourceTree = SDKROOT; };
		5C5F87331BF16BBA006F9594 /* libc++.tbd */ = {isa = PBXFileReference; lastKnownFileType = "sourcecode.text-based-dylib-definition"; name = "libc++.tbd"; path = "usr/lib/libc++.tbd"; sourceTree = SDKROOT; };
		5C5F87351BF16BCE006F9594 /* OpenGLES.framework */ = {isa = PBXFileReference; lastKnownFileType = wrapper.framework; name = OpenGLES.framework; path = System/Library/Frameworks/OpenGLES.framework; sourceTree = SDKROOT; };
		5C5F87371BF16BD6006F9594 /* QuartzCore.framework */ = {isa = PBXFileReference; lastKnownFileType = wrapper.framework; name = QuartzCore.framework; path = System/Library/Frameworks/QuartzCore.framework; sourceTree = SDKROOT; };
		5C5F87391BF16BEF006F9594 /* UIKit.framework */ = {isa = PBXFileReference; lastKnownFileType = wrapper.framework; name = UIKit.framework; path = System/Library/Frameworks/UIKit.framework; sourceTree = SDKROOT; };
		5C5F87651BF6723F006F9594 /* HHEventTrackingManager.h */ = {isa = PBXFileReference; fileEncoding = 4; lastKnownFileType = sourcecode.c.h; path = HHEventTrackingManager.h; sourceTree = "<group>"; };
		5C5F87661BF6723F006F9594 /* HHEventTrackingManager.m */ = {isa = PBXFileReference; fileEncoding = 4; lastKnownFileType = sourcecode.c.objc; path = HHEventTrackingManager.m; sourceTree = "<group>"; };
		5C7A4EED1BBCD2DE003DB168 /* libicucore.tbd */ = {isa = PBXFileReference; lastKnownFileType = "sourcecode.text-based-dylib-definition"; name = libicucore.tbd; path = usr/lib/libicucore.tbd; sourceTree = SDKROOT; };
		5C7A4EEF1BBCD345003DB168 /* libz.tbd */ = {isa = PBXFileReference; lastKnownFileType = "sourcecode.text-based-dylib-definition"; name = libz.tbd; path = usr/lib/libz.tbd; sourceTree = SDKROOT; };
		5C7A4EF31BBCD7EF003DB168 /* MobileCoreServices.framework */ = {isa = PBXFileReference; lastKnownFileType = wrapper.framework; name = MobileCoreServices.framework; path = System/Library/Frameworks/MobileCoreServices.framework; sourceTree = SDKROOT; };
		5C7A4EF51BBCD7FB003DB168 /* CoreTelephony.framework */ = {isa = PBXFileReference; lastKnownFileType = wrapper.framework; name = CoreTelephony.framework; path = System/Library/Frameworks/CoreTelephony.framework; sourceTree = SDKROOT; };
		5CC3B5FB1B48268A00D10DFB /* hahaxueche.app */ = {isa = PBXFileReference; explicitFileType = wrapper.application; includeInIndex = 0; path = hahaxueche.app; sourceTree = BUILT_PRODUCTS_DIR; };
		5CC3B5FF1B48268A00D10DFB /* Info.plist */ = {isa = PBXFileReference; lastKnownFileType = text.plist.xml; path = Info.plist; sourceTree = "<group>"; };
		5CC3B6001B48268A00D10DFB /* main.m */ = {isa = PBXFileReference; lastKnownFileType = sourcecode.c.objc; path = main.m; sourceTree = "<group>"; };
		5CC3B6021B48268A00D10DFB /* HHAppDelegate.h */ = {isa = PBXFileReference; lastKnownFileType = sourcecode.c.h; path = HHAppDelegate.h; sourceTree = "<group>"; };
		5CC3B6031B48268A00D10DFB /* HHAppDelegate.m */ = {isa = PBXFileReference; lastKnownFileType = sourcecode.c.objc; path = HHAppDelegate.m; sourceTree = "<group>"; };
		5CC3B60B1B48268A00D10DFB /* Images.xcassets */ = {isa = PBXFileReference; lastKnownFileType = folder.assetcatalog; path = Images.xcassets; sourceTree = "<group>"; };
		5CC3B6141B48268A00D10DFB /* hahaxuecheTests.xctest */ = {isa = PBXFileReference; explicitFileType = wrapper.cfbundle; includeInIndex = 0; path = hahaxuecheTests.xctest; sourceTree = BUILT_PRODUCTS_DIR; };
		5CC3B6191B48268A00D10DFB /* Info.plist */ = {isa = PBXFileReference; lastKnownFileType = text.plist.xml; path = Info.plist; sourceTree = "<group>"; };
		5CC3B61A1B48268A00D10DFB /* hahaxuecheTests.m */ = {isa = PBXFileReference; lastKnownFileType = sourcecode.c.objc; path = hahaxuecheTests.m; sourceTree = "<group>"; };
		5CD4E9F71B5AA10C003CF15E /* SystemConfiguration.framework */ = {isa = PBXFileReference; lastKnownFileType = wrapper.framework; name = SystemConfiguration.framework; path = System/Library/Frameworks/SystemConfiguration.framework; sourceTree = SDKROOT; };
		5CD4E9F91B5AA115003CF15E /* MessageUI.framework */ = {isa = PBXFileReference; lastKnownFileType = wrapper.framework; name = MessageUI.framework; path = System/Library/Frameworks/MessageUI.framework; sourceTree = SDKROOT; };
		5CD4EA401B5DE6BC003CF15E /* HHFormatUtility.h */ = {isa = PBXFileReference; fileEncoding = 4; lastKnownFileType = sourcecode.c.h; path = HHFormatUtility.h; sourceTree = "<group>"; };
		5CD4EA411B5DE6BC003CF15E /* HHFormatUtility.m */ = {isa = PBXFileReference; fileEncoding = 4; lastKnownFileType = sourcecode.c.objc; path = HHFormatUtility.m; sourceTree = "<group>"; };
		5CDE14441C36E5FE0004778C /* HHIntroViewController.h */ = {isa = PBXFileReference; fileEncoding = 4; lastKnownFileType = sourcecode.c.h; path = HHIntroViewController.h; sourceTree = "<group>"; };
		5CDE14451C36E5FE0004778C /* HHIntroViewController.m */ = {isa = PBXFileReference; fileEncoding = 4; lastKnownFileType = sourcecode.c.objc; path = HHIntroViewController.m; sourceTree = "<group>"; };
		5CDE14491C36EC570004778C /* HHButton.h */ = {isa = PBXFileReference; fileEncoding = 4; lastKnownFileType = sourcecode.c.h; path = HHButton.h; sourceTree = "<group>"; };
		5CDE144A1C36EC570004778C /* HHButton.m */ = {isa = PBXFileReference; fileEncoding = 4; lastKnownFileType = sourcecode.c.objc; path = HHButton.m; sourceTree = "<group>"; };
		5CDE144D1C36F0520004778C /* hahaxueche-Prefix.pch */ = {isa = PBXFileReference; fileEncoding = 4; lastKnownFileType = sourcecode.c.h; path = "hahaxueche-Prefix.pch"; sourceTree = "<group>"; };
		5CDE144F1C3715F90004778C /* HHRegisterViewController.h */ = {isa = PBXFileReference; fileEncoding = 4; lastKnownFileType = sourcecode.c.h; path = HHRegisterViewController.h; sourceTree = "<group>"; };
		5CDE14501C3715F90004778C /* HHRegisterViewController.m */ = {isa = PBXFileReference; fileEncoding = 4; lastKnownFileType = sourcecode.c.objc; path = HHRegisterViewController.m; sourceTree = "<group>"; };
		5CDE14551C3723020004778C /* HHTextFieldView.h */ = {isa = PBXFileReference; fileEncoding = 4; lastKnownFileType = sourcecode.c.h; path = HHTextFieldView.h; sourceTree = "<group>"; };
		5CDE14561C3723020004778C /* HHTextFieldView.m */ = {isa = PBXFileReference; fileEncoding = 4; lastKnownFileType = sourcecode.c.objc; path = HHTextFieldView.m; sourceTree = "<group>"; };
		5CDE14581C3737670004778C /* HHPhoneNumberUtility.h */ = {isa = PBXFileReference; fileEncoding = 4; lastKnownFileType = sourcecode.c.h; path = HHPhoneNumberUtility.h; sourceTree = "<group>"; };
		5CDE14591C3737670004778C /* HHPhoneNumberUtility.m */ = {isa = PBXFileReference; fileEncoding = 4; lastKnownFileType = sourcecode.c.objc; path = HHPhoneNumberUtility.m; sourceTree = "<group>"; };
		5CDE14651C3771880004778C /* ic_arrow_back@1x.png */ = {isa = PBXFileReference; lastKnownFileType = image.png; path = "ic_arrow_back@1x.png"; sourceTree = "<group>"; };
		5CDE14661C3771880004778C /* ic_arrow_back@2x.png */ = {isa = PBXFileReference; lastKnownFileType = image.png; path = "ic_arrow_back@2x.png"; sourceTree = "<group>"; };
		5CDE14671C3771880004778C /* ic_arrow_back@3x.png */ = {isa = PBXFileReference; lastKnownFileType = image.png; path = "ic_arrow_back@3x.png"; sourceTree = "<group>"; };
		5CDE146B1C3775C00004778C /* HHAccountSetupViewController.h */ = {isa = PBXFileReference; fileEncoding = 4; lastKnownFileType = sourcecode.c.h; path = HHAccountSetupViewController.h; sourceTree = "<group>"; };
		5CDE146C1C3775C00004778C /* HHAccountSetupViewController.m */ = {isa = PBXFileReference; fileEncoding = 4; lastKnownFileType = sourcecode.c.objc; path = HHAccountSetupViewController.m; sourceTree = "<group>"; };
		5CDE146E1C3776E20004778C /* onboard_bg@1x.png */ = {isa = PBXFileReference; lastKnownFileType = image.png; path = "onboard_bg@1x.png"; sourceTree = "<group>"; };
		5CDE146F1C3776E20004778C /* onboard_bg@2x.png */ = {isa = PBXFileReference; lastKnownFileType = image.png; path = "onboard_bg@2x.png"; sourceTree = "<group>"; };
		5CDE14701C3776E20004778C /* onboard_bg@3x.png */ = {isa = PBXFileReference; lastKnownFileType = image.png; path = "onboard_bg@3x.png"; sourceTree = "<group>"; };
		5CDE14741C3778BD0004778C /* HHToastManager.h */ = {isa = PBXFileReference; fileEncoding = 4; lastKnownFileType = sourcecode.c.h; path = HHToastManager.h; sourceTree = "<group>"; };
		5CDE14751C3778BD0004778C /* HHToastManager.m */ = {isa = PBXFileReference; fileEncoding = 4; lastKnownFileType = sourcecode.c.objc; path = HHToastManager.m; sourceTree = "<group>"; };
		5CDE14781C3787CF0004778C /* ic_avatar_btn@1x.png */ = {isa = PBXFileReference; lastKnownFileType = image.png; path = "ic_avatar_btn@1x.png"; sourceTree = "<group>"; };
		5CDE14791C3787CF0004778C /* ic_avatar_btn@2x.png */ = {isa = PBXFileReference; lastKnownFileType = image.png; path = "ic_avatar_btn@2x.png"; sourceTree = "<group>"; };
		5CDE147A1C3787CF0004778C /* ic_avatar_btn@3x.png */ = {isa = PBXFileReference; lastKnownFileType = image.png; path = "ic_avatar_btn@3x.png"; sourceTree = "<group>"; };
		5CDE147B1C3787CF0004778C /* ic_triangle@1x.png */ = {isa = PBXFileReference; lastKnownFileType = image.png; path = "ic_triangle@1x.png"; sourceTree = "<group>"; };
		5CDE147C1C3787CF0004778C /* ic_triangle@2x.png */ = {isa = PBXFileReference; lastKnownFileType = image.png; path = "ic_triangle@2x.png"; sourceTree = "<group>"; };
		5CDE147D1C3787CF0004778C /* ic_triangle@3x.png */ = {isa = PBXFileReference; lastKnownFileType = image.png; path = "ic_triangle@3x.png"; sourceTree = "<group>"; };
		5CDE14841C3852E30004778C /* HHCitySelectView.h */ = {isa = PBXFileReference; fileEncoding = 4; lastKnownFileType = sourcecode.c.h; path = HHCitySelectView.h; sourceTree = "<group>"; };
		5CDE14851C3852E30004778C /* HHCitySelectView.m */ = {isa = PBXFileReference; fileEncoding = 4; lastKnownFileType = sourcecode.c.objc; path = HHCitySelectView.m; sourceTree = "<group>"; };
		5CDE14871C3859290004778C /* HHPopupUtility.h */ = {isa = PBXFileReference; fileEncoding = 4; lastKnownFileType = sourcecode.c.h; path = HHPopupUtility.h; sourceTree = "<group>"; };
		5CDE14881C3859290004778C /* HHPopupUtility.m */ = {isa = PBXFileReference; fileEncoding = 4; lastKnownFileType = sourcecode.c.objc; path = HHPopupUtility.m; sourceTree = "<group>"; };
		D5B0110F2ECD81DF5CD4D72E /* libPods.a */ = {isa = PBXFileReference; explicitFileType = archive.ar; includeInIndex = 0; path = libPods.a; sourceTree = BUILT_PRODUCTS_DIR; };
		D8832576172C8DF34558C848 /* Pods.release.xcconfig */ = {isa = PBXFileReference; includeInIndex = 1; lastKnownFileType = text.xcconfig; name = Pods.release.xcconfig; path = "Pods/Target Support Files/Pods/Pods.release.xcconfig"; sourceTree = "<group>"; };
		EFA148D80F7878EC1B2315C7 /* Pods.debug.xcconfig */ = {isa = PBXFileReference; includeInIndex = 1; lastKnownFileType = text.xcconfig; name = Pods.debug.xcconfig; path = "Pods/Target Support Files/Pods/Pods.debug.xcconfig"; sourceTree = "<group>"; };
/* End PBXFileReference section */

/* Begin PBXFrameworksBuildPhase section */
		5CC3B5F81B48268A00D10DFB /* Frameworks */ = {
			isa = PBXFrameworksBuildPhase;
			buildActionMask = 2147483647;
			files = (
				5C5F873A1BF16BEF006F9594 /* UIKit.framework in Frameworks */,
				5CD4E9F81B5AA10C003CF15E /* SystemConfiguration.framework in Frameworks */,
				5C5F87381BF16BD6006F9594 /* QuartzCore.framework in Frameworks */,
				5C5F87361BF16BCE006F9594 /* OpenGLES.framework in Frameworks */,
				5CD4E9FA1B5AA115003CF15E /* MessageUI.framework in Frameworks */,
				5C5F87341BF16BBA006F9594 /* libc++.tbd in Frameworks */,
				5C5F87321BF16BB1006F9594 /* GLKit.framework in Frameworks */,
				5C5F87301BF16BA8006F9594 /* Foundation.framework in Frameworks */,
				5C7A4EF61BBCD7FC003DB168 /* CoreTelephony.framework in Frameworks */,
				5C5F872E1BF16B98006F9594 /* CoreMotion.framework in Frameworks */,
				5C5F872C1BF16B8F006F9594 /* CoreGraphics.framework in Frameworks */,
				5C5F872A1BF16B80006F9594 /* AudioToolbox.framework in Frameworks */,
				5C7A4EF41BBCD7EF003DB168 /* MobileCoreServices.framework in Frameworks */,
				5C7A4EF01BBCD345003DB168 /* libz.tbd in Frameworks */,
				5C7A4EEE1BBCD2DE003DB168 /* libicucore.tbd in Frameworks */,
				5C5451A81B51A7520025D19F /* CoreLocation.framework in Frameworks */,
				5C5451A61B51A7480025D19F /* MapKit.framework in Frameworks */,
				D68F0EFAEA66F3DCDFE972F8 /* libPods.a in Frameworks */,
			);
			runOnlyForDeploymentPostprocessing = 0;
		};
		5CC3B6111B48268A00D10DFB /* Frameworks */ = {
			isa = PBXFrameworksBuildPhase;
			buildActionMask = 2147483647;
			files = (
			);
			runOnlyForDeploymentPostprocessing = 0;
		};
/* End PBXFrameworksBuildPhase section */

/* Begin PBXGroup section */
		5C10F92B1B49E7CD00992B63 /* Categories */ = {
			isa = PBXGroup;
			children = (
				5C5451791B4EA5130025D19F /* UIBarButtonItem+HHCustomButton.h */,
				5C54517A1B4EA5130025D19F /* UIBarButtonItem+HHCustomButton.m */,
				5C10F92C1B49E85200992B63 /* UIColor+HHColor.h */,
				5C10F92D1B49E85200992B63 /* UIColor+HHColor.m */,
				5C5451D01B52BE1D0025D19F /* UIImage+HHImage.h */,
				5C5451D11B52BE1D0025D19F /* UIImage+HHImage.m */,
				5C3980781B4ACA2B0057B049 /* UIView+HHRect.h */,
				5C3980791B4ACA2B0057B049 /* UIView+HHRect.m */,
			);
			path = Categories;
			sourceTree = "<group>";
		};
		5C10F94C1B49F2DE00992B63 /* Utilities */ = {
			isa = PBXGroup;
			children = (
				5C5F87651BF6723F006F9594 /* HHEventTrackingManager.h */,
				5C5F87661BF6723F006F9594 /* HHEventTrackingManager.m */,
				5CD4EA401B5DE6BC003CF15E /* HHFormatUtility.h */,
				5CD4EA411B5DE6BC003CF15E /* HHFormatUtility.m */,
				5CDE14581C3737670004778C /* HHPhoneNumberUtility.h */,
				5CDE14591C3737670004778C /* HHPhoneNumberUtility.m */,
				5CDE14741C3778BD0004778C /* HHToastManager.h */,
				5CDE14751C3778BD0004778C /* HHToastManager.m */,
				5CDE14871C3859290004778C /* HHPopupUtility.h */,
				5CDE14881C3859290004778C /* HHPopupUtility.m */,
			);
			path = Utilities;
			sourceTree = "<group>";
		};
		5CC3B5F21B48268A00D10DFB = {
			isa = PBXGroup;
			children = (
				D888D3204AF4D3C403817A89 /* Frameworks */,
				9F9FAF418A99FA3C4406DAC1 /* Pods */,
				5CC3B5FC1B48268A00D10DFB /* Products */,
				5CC3B5FD1B48268A00D10DFB /* hahaxueche */,
				5CC3B6171B48268A00D10DFB /* hahaxuecheTests */,
			);
			sourceTree = "<group>";
		};
		5CC3B5FC1B48268A00D10DFB /* Products */ = {
			isa = PBXGroup;
			children = (
				5CC3B5FB1B48268A00D10DFB /* hahaxueche.app */,
				5CC3B6141B48268A00D10DFB /* hahaxuecheTests.xctest */,
			);
			name = Products;
			sourceTree = "<group>";
		};
		5CC3B5FD1B48268A00D10DFB /* hahaxueche */ = {
			isa = PBXGroup;
			children = (
				5CDE143C1C3300FB0004778C /* API */,
				5CDE14641C37717A0004778C /* Assets */,
				5C10F92B1B49E7CD00992B63 /* Categories */,
				5CDE143F1C333F390004778C /* Facade */,
				5CDE14391C32F8700004778C /* Models */,
				5CDE14381C32F8670004778C /* Services */,
				5CC3B5FE1B48268A00D10DFB /* Supporting Files */,
				5C10F94C1B49F2DE00992B63 /* Utilities */,
				5CDE14471C36E62C0004778C /* View Controllers */,
				5CDE143B1C32F89C0004778C /* Views */,
				5CC3B6021B48268A00D10DFB /* HHAppDelegate.h */,
				5CC3B6031B48268A00D10DFB /* HHAppDelegate.m */,
				5CC3B60B1B48268A00D10DFB /* Images.xcassets */,
			);
			path = hahaxueche;
			sourceTree = "<group>";
		};
		5CC3B5FE1B48268A00D10DFB /* Supporting Files */ = {
			isa = PBXGroup;
			children = (
				5CC3B5FF1B48268A00D10DFB /* Info.plist */,
				5CDE144D1C36F0520004778C /* hahaxueche-Prefix.pch */,
				5CC3B6001B48268A00D10DFB /* main.m */,
			);
			path = "Supporting Files";
			sourceTree = "<group>";
		};
		5CC3B6171B48268A00D10DFB /* hahaxuecheTests */ = {
			isa = PBXGroup;
			children = (
				5CC3B6181B48268A00D10DFB /* Supporting Files */,
				5CC3B61A1B48268A00D10DFB /* hahaxuecheTests.m */,
			);
			path = hahaxuecheTests;
			sourceTree = "<group>";
		};
		5CC3B6181B48268A00D10DFB /* Supporting Files */ = {
			isa = PBXGroup;
			children = (
				5CC3B6191B48268A00D10DFB /* Info.plist */,
			);
			path = "Supporting Files";
			sourceTree = "<group>";
		};
		5CDE14381C32F8670004778C /* Services */ = {
			isa = PBXGroup;
			children = (
			);
			path = Services;
			sourceTree = "<group>";
		};
		5CDE14391C32F8700004778C /* Models */ = {
			isa = PBXGroup;
			children = (
			);
			path = Models;
			sourceTree = "<group>";
		};
		5CDE143B1C32F89C0004778C /* Views */ = {
			isa = PBXGroup;
			children = (
				5CDE14491C36EC570004778C /* HHButton.h */,
				5CDE144A1C36EC570004778C /* HHButton.m */,
				5CDE14551C3723020004778C /* HHTextFieldView.h */,
				5CDE14561C3723020004778C /* HHTextFieldView.m */,
				5CDE14841C3852E30004778C /* HHCitySelectView.h */,
				5CDE14851C3852E30004778C /* HHCitySelectView.m */,
			);
			path = Views;
			sourceTree = "<group>";
		};
		5CDE143C1C3300FB0004778C /* API */ = {
			isa = PBXGroup;
			children = (
			);
			path = API;
			sourceTree = "<group>";
		};
		5CDE143F1C333F390004778C /* Facade */ = {
			isa = PBXGroup;
			children = (
				5CDE14401C333F410004778C /* User Facade */,
			);
			path = Facade;
			sourceTree = "<group>";
		};
		5CDE14401C333F410004778C /* User Facade */ = {
			isa = PBXGroup;
			children = (
			);
			path = "User Facade";
			sourceTree = "<group>";
		};
		5CDE14471C36E62C0004778C /* View Controllers */ = {
			isa = PBXGroup;
			children = (
				5CDE144E1C3715A90004778C /* Register Login */,
			);
			path = "View Controllers";
			sourceTree = "<group>";
		};
		5CDE144E1C3715A90004778C /* Register Login */ = {
			isa = PBXGroup;
			children = (
				5CDE146B1C3775C00004778C /* HHAccountSetupViewController.h */,
				5CDE146C1C3775C00004778C /* HHAccountSetupViewController.m */,
				5CDE14441C36E5FE0004778C /* HHIntroViewController.h */,
				5CDE14451C36E5FE0004778C /* HHIntroViewController.m */,
				5CDE144F1C3715F90004778C /* HHRegisterViewController.h */,
				5CDE14501C3715F90004778C /* HHRegisterViewController.m */,
			);
			path = "Register Login";
			sourceTree = "<group>";
		};
		5CDE14641C37717A0004778C /* Assets */ = {
			isa = PBXGroup;
			children = (
				5CDE14651C3771880004778C /* ic_arrow_back@1x.png */,
				5CDE14661C3771880004778C /* ic_arrow_back@2x.png */,
				5CDE14671C3771880004778C /* ic_arrow_back@3x.png */,
				5CDE14781C3787CF0004778C /* ic_avatar_btn@1x.png */,
				5CDE14791C3787CF0004778C /* ic_avatar_btn@2x.png */,
				5CDE147A1C3787CF0004778C /* ic_avatar_btn@3x.png */,
				5CDE147B1C3787CF0004778C /* ic_triangle@1x.png */,
				5CDE147C1C3787CF0004778C /* ic_triangle@2x.png */,
				5CDE147D1C3787CF0004778C /* ic_triangle@3x.png */,
				5CDE146E1C3776E20004778C /* onboard_bg@1x.png */,
				5CDE146F1C3776E20004778C /* onboard_bg@2x.png */,
				5CDE14701C3776E20004778C /* onboard_bg@3x.png */,
			);
			path = Assets;
			sourceTree = "<group>";
		};
		9F9FAF418A99FA3C4406DAC1 /* Pods */ = {
			isa = PBXGroup;
			children = (
				EFA148D80F7878EC1B2315C7 /* Pods.debug.xcconfig */,
				D8832576172C8DF34558C848 /* Pods.release.xcconfig */,
			);
			name = Pods;
			sourceTree = "<group>";
		};
		D888D3204AF4D3C403817A89 /* Frameworks */ = {
			isa = PBXGroup;
			children = (
				5C5F87391BF16BEF006F9594 /* UIKit.framework */,
				5C5F87371BF16BD6006F9594 /* QuartzCore.framework */,
				5C5F87351BF16BCE006F9594 /* OpenGLES.framework */,
				5C5F87331BF16BBA006F9594 /* libc++.tbd */,
				5C5F87311BF16BB1006F9594 /* GLKit.framework */,
				5C5F872F1BF16BA8006F9594 /* Foundation.framework */,
				5C5F872D1BF16B98006F9594 /* CoreMotion.framework */,
				5C5F872B1BF16B8F006F9594 /* CoreGraphics.framework */,
				5C5F87291BF16B80006F9594 /* AudioToolbox.framework */,
				5C7A4EF51BBCD7FB003DB168 /* CoreTelephony.framework */,
				5C7A4EF31BBCD7EF003DB168 /* MobileCoreServices.framework */,
				5C7A4EEF1BBCD345003DB168 /* libz.tbd */,
				5C7A4EED1BBCD2DE003DB168 /* libicucore.tbd */,
				5CD4E9F91B5AA115003CF15E /* MessageUI.framework */,
				5CD4E9F71B5AA10C003CF15E /* SystemConfiguration.framework */,
				5C5451A71B51A7520025D19F /* CoreLocation.framework */,
				5C5451A51B51A7480025D19F /* MapKit.framework */,
				D5B0110F2ECD81DF5CD4D72E /* libPods.a */,
			);
			name = Frameworks;
			sourceTree = "<group>";
		};
/* End PBXGroup section */

/* Begin PBXNativeTarget section */
		5CC3B5FA1B48268A00D10DFB /* hahaxueche */ = {
			isa = PBXNativeTarget;
			buildConfigurationList = 5CC3B61E1B48268A00D10DFB /* Build configuration list for PBXNativeTarget "hahaxueche" */;
			buildPhases = (
				AEE90F3E5D902269754A42DB /* Check Pods Manifest.lock */,
				5CC3B5F71B48268A00D10DFB /* Sources */,
				5CC3B5F81B48268A00D10DFB /* Frameworks */,
				5CC3B5F91B48268A00D10DFB /* Resources */,
				A868DAA32E76318D9FB472A8 /* Copy Pods Resources */,
				5C7B14E91BE0505100264C8A /* ShellScript */,
				9B2569623F36C5996CB42749 /* Embed Pods Frameworks */,
			);
			buildRules = (
			);
			dependencies = (
			);
			name = hahaxueche;
			productName = hahaxueche;
			productReference = 5CC3B5FB1B48268A00D10DFB /* hahaxueche.app */;
			productType = "com.apple.product-type.application";
		};
		5CC3B6131B48268A00D10DFB /* hahaxuecheTests */ = {
			isa = PBXNativeTarget;
			buildConfigurationList = 5CC3B6211B48268A00D10DFB /* Build configuration list for PBXNativeTarget "hahaxuecheTests" */;
			buildPhases = (
				5CC3B6101B48268A00D10DFB /* Sources */,
				5CC3B6111B48268A00D10DFB /* Frameworks */,
				5CC3B6121B48268A00D10DFB /* Resources */,
			);
			buildRules = (
			);
			dependencies = (
				5CC3B6161B48268A00D10DFB /* PBXTargetDependency */,
			);
			name = hahaxuecheTests;
			productName = hahaxuecheTests;
			productReference = 5CC3B6141B48268A00D10DFB /* hahaxuecheTests.xctest */;
			productType = "com.apple.product-type.bundle.unit-test";
		};
/* End PBXNativeTarget section */

/* Begin PBXProject section */
		5CC3B5F31B48268A00D10DFB /* Project object */ = {
			isa = PBXProject;
			attributes = {
				CLASSPREFIX = HH;
				LastUpgradeCheck = 0640;
				ORGANIZATIONNAME = "Zixiao Wang";
				TargetAttributes = {
					5CC3B5FA1B48268A00D10DFB = {
						CreatedOnToolsVersion = 6.4;
						DevelopmentTeam = HNQ9TNFCBR;
					};
					5CC3B6131B48268A00D10DFB = {
						CreatedOnToolsVersion = 6.4;
						TestTargetID = 5CC3B5FA1B48268A00D10DFB;
					};
				};
			};
			buildConfigurationList = 5CC3B5F61B48268A00D10DFB /* Build configuration list for PBXProject "hahaxueche" */;
			compatibilityVersion = "Xcode 3.2";
			developmentRegion = English;
			hasScannedForEncodings = 0;
			knownRegions = (
				en,
				Base,
			);
			mainGroup = 5CC3B5F21B48268A00D10DFB;
			productRefGroup = 5CC3B5FC1B48268A00D10DFB /* Products */;
			projectDirPath = "";
			projectRoot = "";
			targets = (
				5CC3B5FA1B48268A00D10DFB /* hahaxueche */,
				5CC3B6131B48268A00D10DFB /* hahaxuecheTests */,
			);
		};
/* End PBXProject section */

/* Begin PBXResourcesBuildPhase section */
		5CC3B5F91B48268A00D10DFB /* Resources */ = {
			isa = PBXResourcesBuildPhase;
			buildActionMask = 2147483647;
			files = (
				5CDE14811C3787CF0004778C /* ic_triangle@1x.png in Resources */,
				5CDE147F1C3787CF0004778C /* ic_avatar_btn@2x.png in Resources */,
				5CDE14801C3787CF0004778C /* ic_avatar_btn@3x.png in Resources */,
				5CDE146A1C3771880004778C /* ic_arrow_back@3x.png in Resources */,
				5CDE14721C3776E20004778C /* onboard_bg@2x.png in Resources */,
				5CDE14831C3787CF0004778C /* ic_triangle@3x.png in Resources */,
				5CDE14711C3776E20004778C /* onboard_bg@1x.png in Resources */,
				5CDE14691C3771880004778C /* ic_arrow_back@2x.png in Resources */,
				5CDE14681C3771880004778C /* ic_arrow_back@1x.png in Resources */,
				5CDE14821C3787CF0004778C /* ic_triangle@2x.png in Resources */,
				5CDE147E1C3787CF0004778C /* ic_avatar_btn@1x.png in Resources */,
				5CC3B60C1B48268A00D10DFB /* Images.xcassets in Resources */,
				5CDE14731C3776E20004778C /* onboard_bg@3x.png in Resources */,
			);
			runOnlyForDeploymentPostprocessing = 0;
		};
		5CC3B6121B48268A00D10DFB /* Resources */ = {
			isa = PBXResourcesBuildPhase;
			buildActionMask = 2147483647;
			files = (
			);
			runOnlyForDeploymentPostprocessing = 0;
		};
/* End PBXResourcesBuildPhase section */

/* Begin PBXShellScriptBuildPhase section */
		5C7B14E91BE0505100264C8A /* ShellScript */ = {
			isa = PBXShellScriptBuildPhase;
			buildActionMask = 2147483647;
			files = (
			);
			inputPaths = (
			);
			outputPaths = (
			);
			runOnlyForDeploymentPostprocessing = 0;
			shellPath = /bin/sh;
			shellScript = "\"${PODS_ROOT}/Fabric/Fabric.framework/run\" af6f89398cda5992323be405883f1b20b92cfc52 4e87e6c9c02fdbed04ea7cc2222fb71974fd738dc49002f29d760bc607994bdb";
		};
		9B2569623F36C5996CB42749 /* Embed Pods Frameworks */ = {
			isa = PBXShellScriptBuildPhase;
			buildActionMask = 2147483647;
			files = (
			);
			inputPaths = (
			);
			name = "Embed Pods Frameworks";
			outputPaths = (
			);
			runOnlyForDeploymentPostprocessing = 0;
			shellPath = /bin/sh;
			shellScript = "\"${SRCROOT}/Pods/Target Support Files/Pods/Pods-frameworks.sh\"\n";
			showEnvVarsInLog = 0;
		};
		A868DAA32E76318D9FB472A8 /* Copy Pods Resources */ = {
			isa = PBXShellScriptBuildPhase;
			buildActionMask = 2147483647;
			files = (
			);
			inputPaths = (
			);
			name = "Copy Pods Resources";
			outputPaths = (
			);
			runOnlyForDeploymentPostprocessing = 0;
			shellPath = /bin/sh;
			shellScript = "\"${SRCROOT}/Pods/Target Support Files/Pods/Pods-resources.sh\"\n";
			showEnvVarsInLog = 0;
		};
		AEE90F3E5D902269754A42DB /* Check Pods Manifest.lock */ = {
			isa = PBXShellScriptBuildPhase;
			buildActionMask = 2147483647;
			files = (
			);
			inputPaths = (
			);
			name = "Check Pods Manifest.lock";
			outputPaths = (
			);
			runOnlyForDeploymentPostprocessing = 0;
			shellPath = /bin/sh;
			shellScript = "diff \"${PODS_ROOT}/../Podfile.lock\" \"${PODS_ROOT}/Manifest.lock\" > /dev/null\nif [[ $? != 0 ]] ; then\n    cat << EOM\nerror: The sandbox is not in sync with the Podfile.lock. Run 'pod install' or update your CocoaPods installation.\nEOM\n    exit 1\nfi\n";
			showEnvVarsInLog = 0;
		};
/* End PBXShellScriptBuildPhase section */

/* Begin PBXSourcesBuildPhase section */
		5CC3B5F71B48268A00D10DFB /* Sources */ = {
			isa = PBXSourcesBuildPhase;
			buildActionMask = 2147483647;
			files = (
				5CDE14571C3723020004778C /* HHTextFieldView.m in Sources */,
				5CDE14861C3852E30004778C /* HHCitySelectView.m in Sources */,
				5CD4EA421B5DE6BC003CF15E /* HHFormatUtility.m in Sources */,
				5C5451D21B52BE1D0025D19F /* UIImage+HHImage.m in Sources */,
				5CC3B6041B48268A00D10DFB /* HHAppDelegate.m in Sources */,
				5CDE144B1C36EC570004778C /* HHButton.m in Sources */,
				5CDE145A1C3737670004778C /* HHPhoneNumberUtility.m in Sources */,
				5CDE14891C3859290004778C /* HHPopupUtility.m in Sources */,
				5CDE14461C36E5FE0004778C /* HHIntroViewController.m in Sources */,
				5CDE14761C3778BD0004778C /* HHToastManager.m in Sources */,
				5C54517B1B4EA5130025D19F /* UIBarButtonItem+HHCustomButton.m in Sources */,
				5C39807A1B4ACA2B0057B049 /* UIView+HHRect.m in Sources */,
				5CC3B6011B48268A00D10DFB /* main.m in Sources */,
				5CDE14511C3715F90004778C /* HHRegisterViewController.m in Sources */,
				5C5F87671BF6723F006F9594 /* HHEventTrackingManager.m in Sources */,
				5CDE146D1C3775C00004778C /* HHAccountSetupViewController.m in Sources */,
				5C10F92E1B49E85200992B63 /* UIColor+HHColor.m in Sources */,
			);
			runOnlyForDeploymentPostprocessing = 0;
		};
		5CC3B6101B48268A00D10DFB /* Sources */ = {
			isa = PBXSourcesBuildPhase;
			buildActionMask = 2147483647;
			files = (
				5CC3B61B1B48268A00D10DFB /* hahaxuecheTests.m in Sources */,
			);
			runOnlyForDeploymentPostprocessing = 0;
		};
/* End PBXSourcesBuildPhase section */

/* Begin PBXTargetDependency section */
		5CC3B6161B48268A00D10DFB /* PBXTargetDependency */ = {
			isa = PBXTargetDependency;
			target = 5CC3B5FA1B48268A00D10DFB /* hahaxueche */;
			targetProxy = 5CC3B6151B48268A00D10DFB /* PBXContainerItemProxy */;
		};
/* End PBXTargetDependency section */

/* Begin XCBuildConfiguration section */
		5CC3B61C1B48268A00D10DFB /* Debug */ = {
			isa = XCBuildConfiguration;
			buildSettings = {
				ALWAYS_SEARCH_USER_PATHS = NO;
				CLANG_CXX_LANGUAGE_STANDARD = "gnu++0x";
				CLANG_CXX_LIBRARY = "libc++";
				CLANG_ENABLE_MODULES = YES;
				CLANG_ENABLE_OBJC_ARC = YES;
				CLANG_WARN_BOOL_CONVERSION = YES;
				CLANG_WARN_CONSTANT_CONVERSION = YES;
				CLANG_WARN_DIRECT_OBJC_ISA_USAGE = YES_ERROR;
				CLANG_WARN_EMPTY_BODY = YES;
				CLANG_WARN_ENUM_CONVERSION = YES;
				CLANG_WARN_INT_CONVERSION = YES;
				CLANG_WARN_OBJC_ROOT_CLASS = YES_ERROR;
				CLANG_WARN_UNREACHABLE_CODE = YES;
				CLANG_WARN__DUPLICATE_METHOD_MATCH = YES;
				"CODE_SIGN_IDENTITY[sdk=iphoneos*]" = "iPhone Developer";
				COPY_PHASE_STRIP = NO;
				DEBUG_INFORMATION_FORMAT = "dwarf-with-dsym";
				ENABLE_BITCODE = NO;
				ENABLE_STRICT_OBJC_MSGSEND = YES;
				GCC_C_LANGUAGE_STANDARD = gnu99;
				GCC_DYNAMIC_NO_PIC = NO;
				GCC_NO_COMMON_BLOCKS = YES;
				GCC_OPTIMIZATION_LEVEL = 0;
				GCC_PRECOMPILE_PREFIX_HEADER = YES;
				GCC_PREFIX_HEADER = "hahaxueche/Supporting Files/hahaxueche-Prefix.pch";
				GCC_PREPROCESSOR_DEFINITIONS = (
					"DEBUG=1",
					"$(inherited)",
				);
				GCC_SYMBOLS_PRIVATE_EXTERN = NO;
				GCC_WARN_64_TO_32_BIT_CONVERSION = YES;
				GCC_WARN_ABOUT_RETURN_TYPE = YES_ERROR;
				GCC_WARN_UNDECLARED_SELECTOR = YES;
				GCC_WARN_UNINITIALIZED_AUTOS = YES_AGGRESSIVE;
				GCC_WARN_UNUSED_FUNCTION = YES;
				GCC_WARN_UNUSED_VARIABLE = YES;
				IPHONEOS_DEPLOYMENT_TARGET = 7.0;
				MTL_ENABLE_DEBUG_INFO = YES;
				ONLY_ACTIVE_ARCH = YES;
				SDKROOT = iphoneos;
			};
			name = Debug;
		};
		5CC3B61D1B48268A00D10DFB /* Release */ = {
			isa = XCBuildConfiguration;
			buildSettings = {
				ALWAYS_SEARCH_USER_PATHS = NO;
				CLANG_CXX_LANGUAGE_STANDARD = "gnu++0x";
				CLANG_CXX_LIBRARY = "libc++";
				CLANG_ENABLE_MODULES = YES;
				CLANG_ENABLE_OBJC_ARC = YES;
				CLANG_WARN_BOOL_CONVERSION = YES;
				CLANG_WARN_CONSTANT_CONVERSION = YES;
				CLANG_WARN_DIRECT_OBJC_ISA_USAGE = YES_ERROR;
				CLANG_WARN_EMPTY_BODY = YES;
				CLANG_WARN_ENUM_CONVERSION = YES;
				CLANG_WARN_INT_CONVERSION = YES;
				CLANG_WARN_OBJC_ROOT_CLASS = YES_ERROR;
				CLANG_WARN_UNREACHABLE_CODE = YES;
				CLANG_WARN__DUPLICATE_METHOD_MATCH = YES;
				"CODE_SIGN_IDENTITY[sdk=iphoneos*]" = "iPhone Developer";
				COPY_PHASE_STRIP = NO;
				DEBUG_INFORMATION_FORMAT = "dwarf-with-dsym";
				ENABLE_BITCODE = NO;
				ENABLE_NS_ASSERTIONS = NO;
				ENABLE_STRICT_OBJC_MSGSEND = YES;
				GCC_C_LANGUAGE_STANDARD = gnu99;
				GCC_NO_COMMON_BLOCKS = YES;
				GCC_PRECOMPILE_PREFIX_HEADER = YES;
				GCC_PREFIX_HEADER = "hahaxueche/Supporting Files/hahaxueche-Prefix.pch";
				GCC_WARN_64_TO_32_BIT_CONVERSION = YES;
				GCC_WARN_ABOUT_RETURN_TYPE = YES_ERROR;
				GCC_WARN_UNDECLARED_SELECTOR = YES;
				GCC_WARN_UNINITIALIZED_AUTOS = YES_AGGRESSIVE;
				GCC_WARN_UNUSED_FUNCTION = YES;
				GCC_WARN_UNUSED_VARIABLE = YES;
				IPHONEOS_DEPLOYMENT_TARGET = 7.0;
				MTL_ENABLE_DEBUG_INFO = NO;
				SDKROOT = iphoneos;
				VALIDATE_PRODUCT = YES;
			};
			name = Release;
		};
		5CC3B61F1B48268A00D10DFB /* Debug */ = {
			isa = XCBuildConfiguration;
			baseConfigurationReference = EFA148D80F7878EC1B2315C7 /* Pods.debug.xcconfig */;
			buildSettings = {
				ASSETCATALOG_COMPILER_APPICON_NAME = AppIcon;
				ASSETCATALOG_COMPILER_LAUNCHIMAGE_NAME = LaunchImage;
				CODE_SIGN_IDENTITY = "iPhone Developer";
				FRAMEWORK_SEARCH_PATHS = (
					"$(inherited)",
					"$(PROJECT_DIR)",
					"$(PROJECT_DIR)/hahaxueche",
					"$(PROJECT_DIR)/hahaxueche/Alipay",
				);
				GCC_PRECOMPILE_PREFIX_HEADER = YES;
				HEADER_SEARCH_PATHS = (
					"$(inherited)",
					"\"${PODS_ROOT}/Headers/Public\"",
					"\"${PODS_ROOT}/Headers/Public/AVOSCloud\"",
					"\"${PODS_ROOT}/Headers/Public/CMPopTipView\"",
					"\"${PODS_ROOT}/Headers/Public/CRToast\"",
					"\"${PODS_ROOT}/Headers/Public/DateTools\"",
					"\"${PODS_ROOT}/Headers/Public/HCSStarRatingView\"",
					"\"${PODS_ROOT}/Headers/Public/KLCPopup\"",
					"\"${PODS_ROOT}/Headers/Public/MBProgressHUD\"",
					"\"${PODS_ROOT}/Headers/Public/SDWebImage\"",
					"\"${PODS_ROOT}/Headers/Public/libPhoneNumber-iOS\"",
					"\"${PODS_ROOT}/Headers/Public/pop\"",
					"$(PROJECT_DIR)/hahaxueche/Alipay/**",
					"$(PROJECT_DIR)",
				);
				INFOPLIST_FILE = "hahaxueche/Supporting Files/Info.plist";
				IPHONEOS_DEPLOYMENT_TARGET = 7.0;
				LD_RUNPATH_SEARCH_PATHS = "$(inherited) @executable_path/Frameworks";
				LIBRARY_SEARCH_PATHS = (
					"$(inherited)",
					"$(PROJECT_DIR)/hahaxueche",
					"$(PROJECT_DIR)/hahaxueche/Alipay",
					"$(PROJECT_DIR)",
				);
				ONLY_ACTIVE_ARCH = NO;
				OTHER_LDFLAGS = (
					"$(inherited)",
					"-ObjC",
					"-l\"ActionSheetPicker-3.0\"",
					"-l\"CMPopTipView\"",
					"-l\"CRToast\"",
					"-l\"DateTools\"",
					"-l\"HCSStarRatingView\"",
					"-l\"KLCPopup\"",
					"-l\"MBProgressHUD\"",
					"-l\"SDWebImage\"",
					"-l\"c++\"",
					"-l\"libPhoneNumber-iOS\"",
					"-l\"pop\"",
					"-framework",
					"\"AVFoundation\"",
					"-framework",
					"\"CoreGraphics\"",
					"-framework",
					"\"CoreTelephony\"",
					"-framework",
					"\"ImageIO\"",
					"-framework",
					"\"UIKit\"",
					"-all_load",
				);
				PRODUCT_NAME = "$(TARGET_NAME)";
				PROVISIONING_PROFILE = "";
			};
			name = Debug;
		};
		5CC3B6201B48268A00D10DFB /* Release */ = {
			isa = XCBuildConfiguration;
			baseConfigurationReference = D8832576172C8DF34558C848 /* Pods.release.xcconfig */;
			buildSettings = {
				ASSETCATALOG_COMPILER_APPICON_NAME = AppIcon;
				ASSETCATALOG_COMPILER_LAUNCHIMAGE_NAME = LaunchImage;
				CODE_SIGN_IDENTITY = "iPhone Developer";
				FRAMEWORK_SEARCH_PATHS = (
					"$(inherited)",
					"$(PROJECT_DIR)",
					"$(PROJECT_DIR)/hahaxueche",
					"$(PROJECT_DIR)/hahaxueche/Alipay",
				);
				GCC_PRECOMPILE_PREFIX_HEADER = YES;
				HEADER_SEARCH_PATHS = (
					"$(inherited)",
					"\"${PODS_ROOT}/Headers/Public\"",
					"\"${PODS_ROOT}/Headers/Public/AVOSCloud\"",
					"\"${PODS_ROOT}/Headers/Public/CMPopTipView\"",
					"\"${PODS_ROOT}/Headers/Public/CRToast\"",
					"\"${PODS_ROOT}/Headers/Public/DateTools\"",
					"\"${PODS_ROOT}/Headers/Public/HCSStarRatingView\"",
					"\"${PODS_ROOT}/Headers/Public/KLCPopup\"",
					"\"${PODS_ROOT}/Headers/Public/MBProgressHUD\"",
					"\"${PODS_ROOT}/Headers/Public/SDWebImage\"",
					"\"${PODS_ROOT}/Headers/Public/libPhoneNumber-iOS\"",
					"\"${PODS_ROOT}/Headers/Public/pop\"",
					"$(PROJECT_DIR)/hahaxueche/Alipay/**",
					"$(PROJECT_DIR)",
				);
				INFOPLIST_FILE = "hahaxueche/Supporting Files/Info.plist";
				IPHONEOS_DEPLOYMENT_TARGET = 7.0;
				LD_RUNPATH_SEARCH_PATHS = "$(inherited) @executable_path/Frameworks";
				LIBRARY_SEARCH_PATHS = (
					"$(inherited)",
					"$(PROJECT_DIR)/hahaxueche",
					"$(PROJECT_DIR)/hahaxueche/Alipay",
					"$(PROJECT_DIR)",
				);
				ONLY_ACTIVE_ARCH = NO;
				OTHER_LDFLAGS = (
					"$(inherited)",
					"-ObjC",
					"-l\"ActionSheetPicker-3.0\"",
					"-l\"CMPopTipView\"",
					"-l\"CRToast\"",
					"-l\"DateTools\"",
					"-l\"HCSStarRatingView\"",
					"-l\"KLCPopup\"",
					"-l\"MBProgressHUD\"",
					"-l\"SDWebImage\"",
					"-l\"c++\"",
					"-l\"libPhoneNumber-iOS\"",
					"-l\"pop\"",
					"-framework",
					"\"AVFoundation\"",
					"-framework",
					"\"CoreGraphics\"",
					"-framework",
					"\"CoreTelephony\"",
					"-framework",
					"\"ImageIO\"",
					"-framework",
					"\"UIKit\"",
					"-all_load",
				);
				PRODUCT_NAME = "$(TARGET_NAME)";
				PROVISIONING_PROFILE = "";
			};
			name = Release;
		};
		5CC3B6221B48268A00D10DFB /* Debug */ = {
			isa = XCBuildConfiguration;
			buildSettings = {
				BUNDLE_LOADER = "$(TEST_HOST)";
				FRAMEWORK_SEARCH_PATHS = (
					"$(SDKROOT)/Developer/Library/Frameworks",
					"$(inherited)",
				);
				GCC_PREPROCESSOR_DEFINITIONS = (
					"DEBUG=1",
					"$(inherited)",
				);
				INFOPLIST_FILE = "hahaxuecheTests/Supporting Files/Info.plist";
				LD_RUNPATH_SEARCH_PATHS = "$(inherited) @executable_path/Frameworks @loader_path/Frameworks";
				PRODUCT_NAME = "$(TARGET_NAME)";
				TEST_HOST = "$(BUILT_PRODUCTS_DIR)/hahaxueche.app/hahaxueche";
			};
			name = Debug;
		};
		5CC3B6231B48268A00D10DFB /* Release */ = {
			isa = XCBuildConfiguration;
			buildSettings = {
				BUNDLE_LOADER = "$(TEST_HOST)";
				FRAMEWORK_SEARCH_PATHS = (
					"$(SDKROOT)/Developer/Library/Frameworks",
					"$(inherited)",
				);
				INFOPLIST_FILE = "hahaxuecheTests/Supporting Files/Info.plist";
				LD_RUNPATH_SEARCH_PATHS = "$(inherited) @executable_path/Frameworks @loader_path/Frameworks";
				PRODUCT_NAME = "$(TARGET_NAME)";
				TEST_HOST = "$(BUILT_PRODUCTS_DIR)/hahaxueche.app/hahaxueche";
			};
			name = Release;
		};
/* End XCBuildConfiguration section */

/* Begin XCConfigurationList section */
		5CC3B5F61B48268A00D10DFB /* Build configuration list for PBXProject "hahaxueche" */ = {
			isa = XCConfigurationList;
			buildConfigurations = (
				5CC3B61C1B48268A00D10DFB /* Debug */,
				5CC3B61D1B48268A00D10DFB /* Release */,
			);
			defaultConfigurationIsVisible = 0;
			defaultConfigurationName = Release;
		};
		5CC3B61E1B48268A00D10DFB /* Build configuration list for PBXNativeTarget "hahaxueche" */ = {
			isa = XCConfigurationList;
			buildConfigurations = (
				5CC3B61F1B48268A00D10DFB /* Debug */,
				5CC3B6201B48268A00D10DFB /* Release */,
			);
			defaultConfigurationIsVisible = 0;
			defaultConfigurationName = Release;
		};
		5CC3B6211B48268A00D10DFB /* Build configuration list for PBXNativeTarget "hahaxuecheTests" */ = {
			isa = XCConfigurationList;
			buildConfigurations = (
				5CC3B6221B48268A00D10DFB /* Debug */,
				5CC3B6231B48268A00D10DFB /* Release */,
			);
			defaultConfigurationIsVisible = 0;
			defaultConfigurationName = Release;
		};
/* End XCConfigurationList section */
	};
	rootObject = 5CC3B5F31B48268A00D10DFB /* Project object */;
}
