<?xml version="1.0" encoding="UTF-8"?>
<!DOCTYPE plist PUBLIC "-//Apple//DTD PLIST 1.0//EN" "http://www.apple.com/DTDs/PropertyList-1.0.dtd">
<plist version="1.0">
<dict>
	<key>archiveVersion</key>
	<string>1</string>
	<key>classes</key>
	<dict/>
	<key>objectVersion</key>
	<string>46</string>
	<key>objects</key>
	<dict>
		<key>5C10F9231B49618300992B63</key>
		<dict>
			<key>children</key>
			<array>
				<string>5CA5B77B1B52DF5500312674</string>
				<string>5C5451961B50B52D0025D19F</string>
				<string>5CB5508B1B4CC718005DE447</string>
				<string>5C54518F1B4F67200025D19F</string>
				<string>5C5451901B4F67200025D19F</string>
			</array>
			<key>isa</key>
			<string>PBXGroup</string>
			<key>path</key>
			<string>Views</string>
			<key>sourceTree</key>
			<string>&lt;group&gt;</string>
		</dict>
		<key>5C10F9241B4962EA00992B63</key>
		<dict>
			<key>children</key>
			<array/>
			<key>isa</key>
			<string>PBXGroup</string>
			<key>path</key>
			<string>Models</string>
			<key>sourceTree</key>
			<string>&lt;group&gt;</string>
		</dict>
		<key>5C10F9251B4962F300992B63</key>
		<dict>
			<key>children</key>
			<array>
				<string>5C5451BD1B52A2D40025D19F</string>
				<string>5C5451BE1B52A2D40025D19F</string>
				<string>5C5451C01B52A48F0025D19F</string>
				<string>5C5451C11B52A48F0025D19F</string>
			</array>
			<key>isa</key>
			<string>PBXGroup</string>
			<key>path</key>
			<string>Services</string>
			<key>sourceTree</key>
			<string>&lt;group&gt;</string>
		</dict>
		<key>5C10F9261B49631200992B63</key>
		<dict>
			<key>children</key>
			<array>
				<string>5C5451C31B52A49F0025D19F</string>
				<string>5C3980921B4C19A70057B049</string>
				<string>5C39806E1B4AAD450057B049</string>
				<string>5C39806F1B4AAD450057B049</string>
				<string>5C39808F1B4C17900057B049</string>
				<string>5C3980901B4C17900057B049</string>
			</array>
			<key>isa</key>
			<string>PBXGroup</string>
			<key>path</key>
			<string>View Controllers</string>
			<key>sourceTree</key>
			<string>&lt;group&gt;</string>
		</dict>
		<key>5C10F9271B49E6F100992B63</key>
		<dict>
			<key>children</key>
			<array>
				<string>5CA5B7821B53399200312674</string>
				<string>5C5451A91B51AC9D0025D19F</string>
				<string>5C5451AA1B51AC9D0025D19F</string>
				<string>5C5451AB1B51AC9D0025D19F</string>
				<string>5C5451AC1B51AC9D0025D19F</string>
				<string>5C5451AD1B51AC9D0025D19F</string>
				<string>5C5451AE1B51AC9D0025D19F</string>
				<string>5C5451AF1B51AC9D0025D19F</string>
				<string>5C5451B01B51AC9D0025D19F</string>
				<string>5C5451B11B51AC9D0025D19F</string>
				<string>5C5451A31B5163F00025D19F</string>
				<string>5C5451941B50B4AD0025D19F</string>
				<string>5C5451821B4F5D790025D19F</string>
				<string>5CB5505A1B4CC040005DE447</string>
			</array>
			<key>isa</key>
			<string>PBXGroup</string>
			<key>path</key>
			<string>Assets</string>
			<key>sourceTree</key>
			<string>&lt;group&gt;</string>
		</dict>
		<key>5C10F92B1B49E7CD00992B63</key>
		<dict>
			<key>children</key>
			<array>
				<string>5C3980781B4ACA2B0057B049</string>
				<string>5C3980791B4ACA2B0057B049</string>
				<string>5C10F92C1B49E85200992B63</string>
				<string>5C10F92D1B49E85200992B63</string>
				<string>5C5451791B4EA5130025D19F</string>
				<string>5C54517A1B4EA5130025D19F</string>
				<string>5C5451D01B52BE1D0025D19F</string>
				<string>5C5451D11B52BE1D0025D19F</string>
			</array>
			<key>isa</key>
			<string>PBXGroup</string>
			<key>path</key>
			<string>Categories</string>
			<key>sourceTree</key>
			<string>&lt;group&gt;</string>
		</dict>
		<key>5C10F92C1B49E85200992B63</key>
		<dict>
			<key>fileEncoding</key>
			<string>4</string>
			<key>isa</key>
			<string>PBXFileReference</string>
			<key>lastKnownFileType</key>
			<string>sourcecode.c.h</string>
			<key>path</key>
			<string>UIColor+HHColor.h</string>
			<key>sourceTree</key>
			<string>&lt;group&gt;</string>
		</dict>
		<key>5C10F92D1B49E85200992B63</key>
		<dict>
			<key>fileEncoding</key>
			<string>4</string>
			<key>isa</key>
			<string>PBXFileReference</string>
			<key>lastKnownFileType</key>
			<string>sourcecode.c.objc</string>
			<key>path</key>
			<string>UIColor+HHColor.m</string>
			<key>sourceTree</key>
			<string>&lt;group&gt;</string>
		</dict>
		<key>5C10F92E1B49E85200992B63</key>
		<dict>
			<key>fileRef</key>
			<string>5C10F92D1B49E85200992B63</string>
			<key>isa</key>
			<string>PBXBuildFile</string>
		</dict>
		<key>5C10F94C1B49F2DE00992B63</key>
		<dict>
			<key>children</key>
			<array>
				<string>5C3980891B4BFFB20057B049</string>
				<string>5C39808A1B4BFFB20057B049</string>
			</array>
			<key>isa</key>
			<string>PBXGroup</string>
			<key>path</key>
			<string>Utilities</string>
			<key>sourceTree</key>
			<string>&lt;group&gt;</string>
		</dict>
		<key>5C39806C1B4AAD450057B049</key>
		<dict>
			<key>fileEncoding</key>
			<string>4</string>
			<key>isa</key>
			<string>PBXFileReference</string>
			<key>lastKnownFileType</key>
			<string>sourcecode.c.h</string>
			<key>path</key>
			<string>HHCoachListViewController.h</string>
			<key>sourceTree</key>
			<string>&lt;group&gt;</string>
		</dict>
		<key>5C39806D1B4AAD450057B049</key>
		<dict>
			<key>fileEncoding</key>
			<string>4</string>
			<key>isa</key>
			<string>PBXFileReference</string>
			<key>lastKnownFileType</key>
			<string>sourcecode.c.objc</string>
			<key>path</key>
			<string>HHCoachListViewController.m</string>
			<key>sourceTree</key>
			<string>&lt;group&gt;</string>
		</dict>
		<key>5C39806E1B4AAD450057B049</key>
		<dict>
			<key>fileEncoding</key>
			<string>4</string>
			<key>isa</key>
			<string>PBXFileReference</string>
			<key>lastKnownFileType</key>
			<string>sourcecode.c.h</string>
			<key>path</key>
			<string>HHNavigationController.h</string>
			<key>sourceTree</key>
			<string>&lt;group&gt;</string>
		</dict>
		<key>5C39806F1B4AAD450057B049</key>
		<dict>
			<key>fileEncoding</key>
			<string>4</string>
			<key>isa</key>
			<string>PBXFileReference</string>
			<key>lastKnownFileType</key>
			<string>sourcecode.c.objc</string>
			<key>path</key>
			<string>HHNavigationController.m</string>
			<key>sourceTree</key>
			<string>&lt;group&gt;</string>
		</dict>
		<key>5C3980701B4AAD450057B049</key>
		<dict>
			<key>fileRef</key>
			<string>5C39806D1B4AAD450057B049</string>
			<key>isa</key>
			<string>PBXBuildFile</string>
		</dict>
		<key>5C3980711B4AAD450057B049</key>
		<dict>
			<key>fileRef</key>
			<string>5C39806F1B4AAD450057B049</string>
			<key>isa</key>
			<string>PBXBuildFile</string>
		</dict>
		<key>5C3980781B4ACA2B0057B049</key>
		<dict>
			<key>fileEncoding</key>
			<string>4</string>
			<key>isa</key>
			<string>PBXFileReference</string>
			<key>lastKnownFileType</key>
			<string>sourcecode.c.h</string>
			<key>name</key>
			<string>UIView+HHRect.h</string>
			<key>path</key>
			<string>UIView+HHRect.h</string>
			<key>sourceTree</key>
			<string>&lt;group&gt;</string>
		</dict>
		<key>5C3980791B4ACA2B0057B049</key>
		<dict>
			<key>fileEncoding</key>
			<string>4</string>
			<key>isa</key>
			<string>PBXFileReference</string>
			<key>lastKnownFileType</key>
			<string>sourcecode.c.objc</string>
			<key>name</key>
			<string>UIView+HHRect.m</string>
			<key>path</key>
			<string>UIView+HHRect.m</string>
			<key>sourceTree</key>
			<string>&lt;group&gt;</string>
		</dict>
		<key>5C39807A1B4ACA2B0057B049</key>
		<dict>
			<key>fileRef</key>
			<string>5C3980791B4ACA2B0057B049</string>
			<key>isa</key>
			<string>PBXBuildFile</string>
		</dict>
		<key>5C3980831B4AD7DE0057B049</key>
		<dict>
			<key>fileEncoding</key>
			<string>4</string>
			<key>isa</key>
			<string>PBXFileReference</string>
			<key>lastKnownFileType</key>
			<string>sourcecode.c.h</string>
			<key>path</key>
			<string>HHBookViewController.h</string>
			<key>sourceTree</key>
			<string>&lt;group&gt;</string>
		</dict>
		<key>5C3980841B4AD7DE0057B049</key>
		<dict>
			<key>fileEncoding</key>
			<string>4</string>
			<key>isa</key>
			<string>PBXFileReference</string>
			<key>lastKnownFileType</key>
			<string>sourcecode.c.objc</string>
			<key>path</key>
			<string>HHBookViewController.m</string>
			<key>sourceTree</key>
			<string>&lt;group&gt;</string>
		</dict>
		<key>5C3980851B4AD7DE0057B049</key>
		<dict>
			<key>fileRef</key>
			<string>5C3980841B4AD7DE0057B049</string>
			<key>isa</key>
			<string>PBXBuildFile</string>
		</dict>
		<key>5C3980891B4BFFB20057B049</key>
		<dict>
			<key>fileEncoding</key>
			<string>4</string>
			<key>isa</key>
			<string>PBXFileReference</string>
			<key>lastKnownFileType</key>
			<string>sourcecode.c.h</string>
			<key>path</key>
			<string>HHAutoLayoutUtility.h</string>
			<key>sourceTree</key>
			<string>&lt;group&gt;</string>
		</dict>
		<key>5C39808A1B4BFFB20057B049</key>
		<dict>
			<key>fileEncoding</key>
			<string>4</string>
			<key>isa</key>
			<string>PBXFileReference</string>
			<key>lastKnownFileType</key>
			<string>sourcecode.c.objc</string>
			<key>path</key>
			<string>HHAutoLayoutUtility.m</string>
			<key>sourceTree</key>
			<string>&lt;group&gt;</string>
		</dict>
		<key>5C39808B1B4BFFB20057B049</key>
		<dict>
			<key>fileRef</key>
			<string>5C39808A1B4BFFB20057B049</string>
			<key>isa</key>
			<string>PBXBuildFile</string>
		</dict>
		<key>5C39808F1B4C17900057B049</key>
		<dict>
			<key>fileEncoding</key>
			<string>4</string>
			<key>isa</key>
			<string>PBXFileReference</string>
			<key>lastKnownFileType</key>
			<string>sourcecode.c.h</string>
			<key>path</key>
			<string>HHRootViewController.h</string>
			<key>sourceTree</key>
			<string>&lt;group&gt;</string>
		</dict>
		<key>5C3980901B4C17900057B049</key>
		<dict>
			<key>fileEncoding</key>
			<string>4</string>
			<key>isa</key>
			<string>PBXFileReference</string>
			<key>lastKnownFileType</key>
			<string>sourcecode.c.objc</string>
			<key>path</key>
			<string>HHRootViewController.m</string>
			<key>sourceTree</key>
			<string>&lt;group&gt;</string>
		</dict>
		<key>5C3980911B4C17900057B049</key>
		<dict>
			<key>fileRef</key>
			<string>5C3980901B4C17900057B049</string>
			<key>isa</key>
			<string>PBXBuildFile</string>
		</dict>
		<key>5C3980921B4C19A70057B049</key>
		<dict>
			<key>children</key>
			<array>
				<string>5C39806C1B4AAD450057B049</string>
				<string>5C39806D1B4AAD450057B049</string>
				<string>5C3980831B4AD7DE0057B049</string>
				<string>5C3980841B4AD7DE0057B049</string>
				<string>5C3980931B4C1A180057B049</string>
				<string>5C3980941B4C1A180057B049</string>
				<string>5C3980961B4C1A2A0057B049</string>
				<string>5C3980971B4C1A2A0057B049</string>
			</array>
			<key>isa</key>
			<string>PBXGroup</string>
			<key>name</key>
			<string>Root</string>
			<key>path</key>
			<string>Root</string>
			<key>sourceTree</key>
			<string>&lt;group&gt;</string>
		</dict>
		<key>5C3980931B4C1A180057B049</key>
		<dict>
			<key>fileEncoding</key>
			<string>4</string>
			<key>isa</key>
			<string>PBXFileReference</string>
			<key>lastKnownFileType</key>
			<string>sourcecode.c.h</string>
			<key>path</key>
			<string>HHHomePageViewController.h</string>
			<key>sourceTree</key>
			<string>&lt;group&gt;</string>
		</dict>
		<key>5C3980941B4C1A180057B049</key>
		<dict>
			<key>fileEncoding</key>
			<string>4</string>
			<key>isa</key>
			<string>PBXFileReference</string>
			<key>lastKnownFileType</key>
			<string>sourcecode.c.objc</string>
			<key>path</key>
			<string>HHHomePageViewController.m</string>
			<key>sourceTree</key>
			<string>&lt;group&gt;</string>
		</dict>
		<key>5C3980951B4C1A180057B049</key>
		<dict>
			<key>fileRef</key>
			<string>5C3980941B4C1A180057B049</string>
			<key>isa</key>
			<string>PBXBuildFile</string>
		</dict>
		<key>5C3980961B4C1A2A0057B049</key>
		<dict>
			<key>fileEncoding</key>
			<string>4</string>
			<key>isa</key>
			<string>PBXFileReference</string>
			<key>lastKnownFileType</key>
			<string>sourcecode.c.h</string>
			<key>path</key>
			<string>HHMyReservationViewController.h</string>
			<key>sourceTree</key>
			<string>&lt;group&gt;</string>
		</dict>
		<key>5C3980971B4C1A2A0057B049</key>
		<dict>
			<key>fileEncoding</key>
			<string>4</string>
			<key>isa</key>
			<string>PBXFileReference</string>
			<key>lastKnownFileType</key>
			<string>sourcecode.c.objc</string>
			<key>path</key>
			<string>HHMyReservationViewController.m</string>
			<key>sourceTree</key>
			<string>&lt;group&gt;</string>
		</dict>
		<key>5C3980981B4C1A2A0057B049</key>
		<dict>
			<key>fileRef</key>
			<string>5C3980971B4C1A2A0057B049</string>
			<key>isa</key>
			<string>PBXBuildFile</string>
		</dict>
		<key>5C39809C1B4C3D5B0057B049</key>
		<dict>
			<key>children</key>
			<array/>
			<key>isa</key>
			<string>PBXGroup</string>
			<key>name</key>
			<string>Fonts</string>
			<key>path</key>
			<string>Fonts</string>
			<key>sourceTree</key>
			<string>&lt;group&gt;</string>
		</dict>
		<key>5C39809D1B4C3D7E0057B049</key>
		<dict>
			<key>isa</key>
			<string>PBXFileReference</string>
			<key>lastKnownFileType</key>
			<string>file</string>
			<key>path</key>
			<string>SourceHanSansSC-Bold.otf</string>
			<key>sourceTree</key>
			<string>&lt;group&gt;</string>
		</dict>
		<key>5C39809E1B4C3D7E0057B049</key>
		<dict>
			<key>isa</key>
			<string>PBXFileReference</string>
			<key>lastKnownFileType</key>
			<string>file</string>
			<key>path</key>
			<string>SourceHanSansSC-ExtraLight.otf</string>
			<key>sourceTree</key>
			<string>&lt;group&gt;</string>
		</dict>
		<key>5C39809F1B4C3D7E0057B049</key>
		<dict>
			<key>isa</key>
			<string>PBXFileReference</string>
			<key>lastKnownFileType</key>
			<string>file</string>
			<key>path</key>
			<string>SourceHanSansSC-Heavy.otf</string>
			<key>sourceTree</key>
			<string>&lt;group&gt;</string>
		</dict>
		<key>5C3980A01B4C3D7E0057B049</key>
		<dict>
			<key>isa</key>
			<string>PBXFileReference</string>
			<key>lastKnownFileType</key>
			<string>file</string>
			<key>path</key>
			<string>SourceHanSansSC-Light.otf</string>
			<key>sourceTree</key>
			<string>&lt;group&gt;</string>
		</dict>
		<key>5C3980A11B4C3D7E0057B049</key>
		<dict>
			<key>isa</key>
			<string>PBXFileReference</string>
			<key>lastKnownFileType</key>
			<string>file</string>
			<key>path</key>
			<string>SourceHanSansSC-Medium.otf</string>
			<key>sourceTree</key>
			<string>&lt;group&gt;</string>
		</dict>
		<key>5C3980A21B4C3D7E0057B049</key>
		<dict>
			<key>isa</key>
			<string>PBXFileReference</string>
			<key>lastKnownFileType</key>
			<string>file</string>
			<key>path</key>
			<string>SourceHanSansSC-Normal.otf</string>
			<key>sourceTree</key>
			<string>&lt;group&gt;</string>
		</dict>
		<key>5C3980A31B4C3D7E0057B049</key>
		<dict>
			<key>isa</key>
			<string>PBXFileReference</string>
			<key>lastKnownFileType</key>
			<string>file</string>
			<key>path</key>
			<string>SourceHanSansSC-Regular.otf</string>
			<key>sourceTree</key>
			<string>&lt;group&gt;</string>
		</dict>
		<key>5C3980A41B4C3E5E0057B049</key>
		<dict>
			<key>fileRef</key>
			<string>5C39809D1B4C3D7E0057B049</string>
			<key>isa</key>
			<string>PBXBuildFile</string>
		</dict>
		<key>5C3980A51B4C3E5E0057B049</key>
		<dict>
			<key>fileRef</key>
			<string>5C39809E1B4C3D7E0057B049</string>
			<key>isa</key>
			<string>PBXBuildFile</string>
		</dict>
		<key>5C3980A61B4C3E5E0057B049</key>
		<dict>
			<key>fileRef</key>
			<string>5C39809F1B4C3D7E0057B049</string>
			<key>isa</key>
			<string>PBXBuildFile</string>
		</dict>
		<key>5C3980A71B4C3E5E0057B049</key>
		<dict>
			<key>fileRef</key>
			<string>5C3980A01B4C3D7E0057B049</string>
			<key>isa</key>
			<string>PBXBuildFile</string>
		</dict>
		<key>5C3980A81B4C3E5E0057B049</key>
		<dict>
			<key>fileRef</key>
			<string>5C3980A11B4C3D7E0057B049</string>
			<key>isa</key>
			<string>PBXBuildFile</string>
		</dict>
		<key>5C3980A91B4C3E5E0057B049</key>
		<dict>
			<key>fileRef</key>
			<string>5C3980A21B4C3D7E0057B049</string>
			<key>isa</key>
			<string>PBXBuildFile</string>
		</dict>
		<key>5C3980AA1B4C3E5E0057B049</key>
		<dict>
			<key>fileRef</key>
			<string>5C3980A31B4C3D7E0057B049</string>
			<key>isa</key>
			<string>PBXBuildFile</string>
		</dict>
		<key>5C5451791B4EA5130025D19F</key>
		<dict>
			<key>fileEncoding</key>
			<string>4</string>
			<key>isa</key>
			<string>PBXFileReference</string>
			<key>lastKnownFileType</key>
			<string>sourcecode.c.h</string>
			<key>path</key>
			<string>UIBarButtonItem+HHCustomButton.h</string>
			<key>sourceTree</key>
			<string>&lt;group&gt;</string>
		</dict>
		<key>5C54517A1B4EA5130025D19F</key>
		<dict>
			<key>fileEncoding</key>
			<string>4</string>
			<key>isa</key>
			<string>PBXFileReference</string>
			<key>lastKnownFileType</key>
			<string>sourcecode.c.objc</string>
			<key>path</key>
			<string>UIBarButtonItem+HHCustomButton.m</string>
			<key>sourceTree</key>
			<string>&lt;group&gt;</string>
		</dict>
		<key>5C54517B1B4EA5130025D19F</key>
		<dict>
			<key>fileRef</key>
			<string>5C54517A1B4EA5130025D19F</string>
			<key>isa</key>
			<string>PBXBuildFile</string>
		</dict>
		<key>5C5451821B4F5D790025D19F</key>
		<dict>
			<key>children</key>
			<array>
				<string>5CD4E9711B55B5A6003CF15E</string>
				<string>5CD4E9721B55B5A6003CF15E</string>
				<string>5CD4E9731B55B5A6003CF15E</string>
			</array>
			<key>isa</key>
			<string>PBXGroup</string>
			<key>name</key>
			<string>Nav Bar</string>
			<key>path</key>
			<string>Nav Bar</string>
			<key>sourceTree</key>
			<string>&lt;group&gt;</string>
		</dict>
		<key>5C54518F1B4F67200025D19F</key>
		<dict>
			<key>fileEncoding</key>
			<string>4</string>
			<key>isa</key>
			<string>PBXFileReference</string>
			<key>lastKnownFileType</key>
			<string>sourcecode.c.h</string>
			<key>name</key>
			<string>HHSearchBar.h</string>
			<key>path</key>
			<string>HHSearchBar.h</string>
			<key>sourceTree</key>
			<string>&lt;group&gt;</string>
		</dict>
		<key>5C5451901B4F67200025D19F</key>
		<dict>
			<key>fileEncoding</key>
			<string>4</string>
			<key>isa</key>
			<string>PBXFileReference</string>
			<key>lastKnownFileType</key>
			<string>sourcecode.c.objc</string>
			<key>name</key>
			<string>HHSearchBar.m</string>
			<key>path</key>
			<string>HHSearchBar.m</string>
			<key>sourceTree</key>
			<string>&lt;group&gt;</string>
		</dict>
		<key>5C5451911B4F67200025D19F</key>
		<dict>
			<key>fileRef</key>
			<string>5C5451901B4F67200025D19F</string>
			<key>isa</key>
			<string>PBXBuildFile</string>
		</dict>
		<key>5C5451941B50B4AD0025D19F</key>
		<dict>
			<key>isa</key>
			<string>PBXFileReference</string>
			<key>lastKnownFileType</key>
			<string>image.png</string>
			<key>path</key>
			<string>search_icon.png</string>
			<key>sourceTree</key>
			<string>&lt;group&gt;</string>
		</dict>
		<key>5C5451951B50B4AD0025D19F</key>
		<dict>
			<key>fileRef</key>
			<string>5C5451941B50B4AD0025D19F</string>
			<key>isa</key>
			<string>PBXBuildFile</string>
		</dict>
		<key>5C5451961B50B52D0025D19F</key>
		<dict>
			<key>children</key>
			<array>
				<string>5C5451971B50B5910025D19F</string>
				<string>5C5451981B50B5910025D19F</string>
				<string>5C54519E1B5154560025D19F</string>
				<string>5C54519F1B5154560025D19F</string>
			</array>
			<key>isa</key>
			<string>PBXGroup</string>
			<key>name</key>
			<string>Coach List Page</string>
			<key>path</key>
			<string>Coach List Page</string>
			<key>sourceTree</key>
			<string>&lt;group&gt;</string>
		</dict>
		<key>5C5451971B50B5910025D19F</key>
		<dict>
			<key>fileEncoding</key>
			<string>4</string>
			<key>isa</key>
			<string>PBXFileReference</string>
			<key>lastKnownFileType</key>
			<string>sourcecode.c.h</string>
			<key>path</key>
			<string>HHCoachListTableViewCell.h</string>
			<key>sourceTree</key>
			<string>&lt;group&gt;</string>
		</dict>
		<key>5C5451981B50B5910025D19F</key>
		<dict>
			<key>fileEncoding</key>
			<string>4</string>
			<key>isa</key>
			<string>PBXFileReference</string>
			<key>lastKnownFileType</key>
			<string>sourcecode.c.objc</string>
			<key>path</key>
			<string>HHCoachListTableViewCell.m</string>
			<key>sourceTree</key>
			<string>&lt;group&gt;</string>
		</dict>
		<key>5C5451991B50B5910025D19F</key>
		<dict>
			<key>fileRef</key>
			<string>5C5451981B50B5910025D19F</string>
			<key>isa</key>
			<string>PBXBuildFile</string>
		</dict>
		<key>5C54519E1B5154560025D19F</key>
		<dict>
			<key>fileEncoding</key>
			<string>4</string>
			<key>isa</key>
			<string>PBXFileReference</string>
			<key>lastKnownFileType</key>
			<string>sourcecode.c.h</string>
			<key>path</key>
			<string>HHRatingView.h</string>
			<key>sourceTree</key>
			<string>&lt;group&gt;</string>
		</dict>
		<key>5C54519F1B5154560025D19F</key>
		<dict>
			<key>fileEncoding</key>
			<string>4</string>
			<key>isa</key>
			<string>PBXFileReference</string>
			<key>lastKnownFileType</key>
			<string>sourcecode.c.objc</string>
			<key>path</key>
			<string>HHRatingView.m</string>
			<key>sourceTree</key>
			<string>&lt;group&gt;</string>
		</dict>
		<key>5C5451A01B5154560025D19F</key>
		<dict>
			<key>fileRef</key>
			<string>5C54519F1B5154560025D19F</string>
			<key>isa</key>
			<string>PBXBuildFile</string>
		</dict>
		<key>5C5451A31B5163F00025D19F</key>
		<dict>
			<key>isa</key>
			<string>PBXFileReference</string>
			<key>lastKnownFileType</key>
			<string>image.png</string>
			<key>path</key>
			<string>location_icon.png</string>
			<key>sourceTree</key>
			<string>&lt;group&gt;</string>
		</dict>
		<key>5C5451A41B5163F00025D19F</key>
		<dict>
			<key>fileRef</key>
			<string>5C5451A31B5163F00025D19F</string>
			<key>isa</key>
			<string>PBXBuildFile</string>
		</dict>
		<key>5C5451A51B51A7480025D19F</key>
		<dict>
			<key>isa</key>
			<string>PBXFileReference</string>
			<key>lastKnownFileType</key>
			<string>wrapper.framework</string>
			<key>name</key>
			<string>MapKit.framework</string>
			<key>path</key>
			<string>System/Library/Frameworks/MapKit.framework</string>
			<key>sourceTree</key>
			<string>SDKROOT</string>
		</dict>
		<key>5C5451A61B51A7480025D19F</key>
		<dict>
			<key>fileRef</key>
			<string>5C5451A51B51A7480025D19F</string>
			<key>isa</key>
			<string>PBXBuildFile</string>
		</dict>
		<key>5C5451A71B51A7520025D19F</key>
		<dict>
			<key>isa</key>
			<string>PBXFileReference</string>
			<key>lastKnownFileType</key>
			<string>wrapper.framework</string>
			<key>name</key>
			<string>CoreLocation.framework</string>
			<key>path</key>
			<string>System/Library/Frameworks/CoreLocation.framework</string>
			<key>sourceTree</key>
			<string>SDKROOT</string>
		</dict>
		<key>5C5451A81B51A7520025D19F</key>
		<dict>
			<key>fileRef</key>
			<string>5C5451A71B51A7520025D19F</string>
			<key>isa</key>
			<string>PBXBuildFile</string>
		</dict>
		<key>5C5451A91B51AC9D0025D19F</key>
		<dict>
			<key>isa</key>
			<string>PBXFileReference</string>
			<key>lastKnownFileType</key>
			<string>image.png</string>
			<key>path</key>
			<string>ratingcar_half.png</string>
			<key>sourceTree</key>
			<string>&lt;group&gt;</string>
		</dict>
		<key>5C5451AA1B51AC9D0025D19F</key>
		<dict>
			<key>isa</key>
			<string>PBXFileReference</string>
			<key>lastKnownFileType</key>
			<string>image.png</string>
			<key>path</key>
			<string>ratingcar_half@2x.png</string>
			<key>sourceTree</key>
			<string>&lt;group&gt;</string>
		</dict>
		<key>5C5451AB1B51AC9D0025D19F</key>
		<dict>
			<key>isa</key>
			<string>PBXFileReference</string>
			<key>lastKnownFileType</key>
			<string>image.png</string>
			<key>path</key>
			<string>ratingcar_half@3x.png</string>
			<key>sourceTree</key>
			<string>&lt;group&gt;</string>
		</dict>
		<key>5C5451AC1B51AC9D0025D19F</key>
		<dict>
			<key>isa</key>
			<string>PBXFileReference</string>
			<key>lastKnownFileType</key>
			<string>image.png</string>
			<key>path</key>
			<string>ratingcar_line.png</string>
			<key>sourceTree</key>
			<string>&lt;group&gt;</string>
		</dict>
		<key>5C5451AD1B51AC9D0025D19F</key>
		<dict>
			<key>isa</key>
			<string>PBXFileReference</string>
			<key>lastKnownFileType</key>
			<string>image.png</string>
			<key>path</key>
			<string>ratingcar_line@2x.png</string>
			<key>sourceTree</key>
			<string>&lt;group&gt;</string>
		</dict>
		<key>5C5451AE1B51AC9D0025D19F</key>
		<dict>
			<key>isa</key>
			<string>PBXFileReference</string>
			<key>lastKnownFileType</key>
			<string>image.png</string>
			<key>path</key>
			<string>ratingcar_line@3x.png</string>
			<key>sourceTree</key>
			<string>&lt;group&gt;</string>
		</dict>
		<key>5C5451AF1B51AC9D0025D19F</key>
		<dict>
			<key>isa</key>
			<string>PBXFileReference</string>
			<key>lastKnownFileType</key>
			<string>image.png</string>
			<key>path</key>
			<string>ratingcar_solid.png</string>
			<key>sourceTree</key>
			<string>&lt;group&gt;</string>
		</dict>
		<key>5C5451B01B51AC9D0025D19F</key>
		<dict>
			<key>isa</key>
			<string>PBXFileReference</string>
			<key>lastKnownFileType</key>
			<string>image.png</string>
			<key>path</key>
			<string>ratingcar_solid@2x.png</string>
			<key>sourceTree</key>
			<string>&lt;group&gt;</string>
		</dict>
		<key>5C5451B11B51AC9D0025D19F</key>
		<dict>
			<key>isa</key>
			<string>PBXFileReference</string>
			<key>lastKnownFileType</key>
			<string>image.png</string>
			<key>path</key>
			<string>ratingcar_solid@3x.png</string>
			<key>sourceTree</key>
			<string>&lt;group&gt;</string>
		</dict>
		<key>5C5451B21B51AC9D0025D19F</key>
		<dict>
			<key>fileRef</key>
			<string>5C5451A91B51AC9D0025D19F</string>
			<key>isa</key>
			<string>PBXBuildFile</string>
		</dict>
		<key>5C5451B31B51AC9D0025D19F</key>
		<dict>
			<key>fileRef</key>
			<string>5C5451AA1B51AC9D0025D19F</string>
			<key>isa</key>
			<string>PBXBuildFile</string>
		</dict>
		<key>5C5451B41B51AC9D0025D19F</key>
		<dict>
			<key>fileRef</key>
			<string>5C5451AB1B51AC9D0025D19F</string>
			<key>isa</key>
			<string>PBXBuildFile</string>
		</dict>
		<key>5C5451B51B51AC9D0025D19F</key>
		<dict>
			<key>fileRef</key>
			<string>5C5451AC1B51AC9D0025D19F</string>
			<key>isa</key>
			<string>PBXBuildFile</string>
		</dict>
		<key>5C5451B61B51AC9D0025D19F</key>
		<dict>
			<key>fileRef</key>
			<string>5C5451AD1B51AC9D0025D19F</string>
			<key>isa</key>
			<string>PBXBuildFile</string>
		</dict>
		<key>5C5451B71B51AC9D0025D19F</key>
		<dict>
			<key>fileRef</key>
			<string>5C5451AE1B51AC9D0025D19F</string>
			<key>isa</key>
			<string>PBXBuildFile</string>
		</dict>
		<key>5C5451B81B51AC9D0025D19F</key>
		<dict>
			<key>fileRef</key>
			<string>5C5451AF1B51AC9D0025D19F</string>
			<key>isa</key>
			<string>PBXBuildFile</string>
		</dict>
		<key>5C5451B91B51AC9D0025D19F</key>
		<dict>
			<key>fileRef</key>
			<string>5C5451B01B51AC9D0025D19F</string>
			<key>isa</key>
			<string>PBXBuildFile</string>
		</dict>
		<key>5C5451BA1B51AC9D0025D19F</key>
		<dict>
			<key>fileRef</key>
			<string>5C5451B11B51AC9D0025D19F</string>
			<key>isa</key>
			<string>PBXBuildFile</string>
		</dict>
		<key>5C5451BB1B51E6B60025D19F</key>
		<dict>
			<key>isa</key>
			<string>PBXFileReference</string>
			<key>lastKnownFileType</key>
			<string>image.jpeg</string>
			<key>path</key>
			<string>fbAvatar.jpg</string>
			<key>sourceTree</key>
			<string>&lt;group&gt;</string>
		</dict>
		<key>5C5451BC1B51E6B60025D19F</key>
		<dict>
			<key>fileRef</key>
			<string>5C5451BB1B51E6B60025D19F</string>
			<key>isa</key>
			<string>PBXBuildFile</string>
		</dict>
		<key>5C5451BD1B52A2D40025D19F</key>
		<dict>
			<key>fileEncoding</key>
			<string>4</string>
			<key>isa</key>
			<string>PBXFileReference</string>
			<key>lastKnownFileType</key>
			<string>sourcecode.c.h</string>
			<key>path</key>
			<string>HHUserCoachService.h</string>
			<key>sourceTree</key>
			<string>&lt;group&gt;</string>
		</dict>
		<key>5C5451BE1B52A2D40025D19F</key>
		<dict>
			<key>fileEncoding</key>
			<string>4</string>
			<key>isa</key>
			<string>PBXFileReference</string>
			<key>lastKnownFileType</key>
			<string>sourcecode.c.objc</string>
			<key>path</key>
			<string>HHUserCoachService.m</string>
			<key>sourceTree</key>
			<string>&lt;group&gt;</string>
		</dict>
		<key>5C5451BF1B52A2D40025D19F</key>
		<dict>
			<key>fileRef</key>
			<string>5C5451BE1B52A2D40025D19F</string>
			<key>isa</key>
			<string>PBXBuildFile</string>
		</dict>
		<key>5C5451C01B52A48F0025D19F</key>
		<dict>
			<key>fileEncoding</key>
			<string>4</string>
			<key>isa</key>
			<string>PBXFileReference</string>
			<key>lastKnownFileType</key>
			<string>sourcecode.c.h</string>
			<key>path</key>
			<string>HHUserStudentService.h</string>
			<key>sourceTree</key>
			<string>&lt;group&gt;</string>
		</dict>
		<key>5C5451C11B52A48F0025D19F</key>
		<dict>
			<key>fileEncoding</key>
			<string>4</string>
			<key>isa</key>
			<string>PBXFileReference</string>
			<key>lastKnownFileType</key>
			<string>sourcecode.c.objc</string>
			<key>path</key>
			<string>HHUserStudentService.m</string>
			<key>sourceTree</key>
			<string>&lt;group&gt;</string>
		</dict>
		<key>5C5451C21B52A48F0025D19F</key>
		<dict>
			<key>fileRef</key>
			<string>5C5451C11B52A48F0025D19F</string>
			<key>isa</key>
			<string>PBXBuildFile</string>
		</dict>
		<key>5C5451C31B52A49F0025D19F</key>
		<dict>
			<key>children</key>
			<array>
				<string>5C5451C41B52A7760025D19F</string>
				<string>5C5451C51B52A7760025D19F</string>
				<string>5CA5B7781B52CFF300312674</string>
				<string>5CA5B7791B52CFF300312674</string>
				<string>5CA5B77F1B53298000312674</string>
				<string>5CA5B7801B53298000312674</string>
			</array>
			<key>isa</key>
			<string>PBXGroup</string>
			<key>name</key>
			<string>Login Signup</string>
			<key>path</key>
			<string>Login Signup</string>
			<key>sourceTree</key>
			<string>&lt;group&gt;</string>
		</dict>
		<key>5C5451C41B52A7760025D19F</key>
		<dict>
			<key>fileEncoding</key>
			<string>4</string>
			<key>isa</key>
			<string>PBXFileReference</string>
			<key>lastKnownFileType</key>
			<string>sourcecode.c.h</string>
			<key>path</key>
			<string>HHLoginSignupViewController.h</string>
			<key>sourceTree</key>
			<string>&lt;group&gt;</string>
		</dict>
		<key>5C5451C51B52A7760025D19F</key>
		<dict>
			<key>fileEncoding</key>
			<string>4</string>
			<key>isa</key>
			<string>PBXFileReference</string>
			<key>lastKnownFileType</key>
			<string>sourcecode.c.objc</string>
			<key>path</key>
			<string>HHLoginSignupViewController.m</string>
			<key>sourceTree</key>
			<string>&lt;group&gt;</string>
		</dict>
		<key>5C5451C61B52A7760025D19F</key>
		<dict>
			<key>fileRef</key>
			<string>5C5451C51B52A7760025D19F</string>
			<key>isa</key>
			<string>PBXBuildFile</string>
		</dict>
		<key>5C5451CD1B52ADE50025D19F</key>
		<dict>
			<key>fileEncoding</key>
			<string>4</string>
			<key>isa</key>
			<string>PBXFileReference</string>
			<key>lastKnownFileType</key>
			<string>sourcecode.c.h</string>
			<key>path</key>
			<string>HHButton.h</string>
			<key>sourceTree</key>
			<string>&lt;group&gt;</string>
		</dict>
		<key>5C5451CE1B52ADE50025D19F</key>
		<dict>
			<key>fileEncoding</key>
			<string>4</string>
			<key>isa</key>
			<string>PBXFileReference</string>
			<key>lastKnownFileType</key>
			<string>sourcecode.c.objc</string>
			<key>path</key>
			<string>HHButton.m</string>
			<key>sourceTree</key>
			<string>&lt;group&gt;</string>
		</dict>
		<key>5C5451CF1B52ADE50025D19F</key>
		<dict>
			<key>fileRef</key>
			<string>5C5451CE1B52ADE50025D19F</string>
			<key>isa</key>
			<string>PBXBuildFile</string>
		</dict>
		<key>5C5451D01B52BE1D0025D19F</key>
		<dict>
			<key>fileEncoding</key>
			<string>4</string>
			<key>isa</key>
			<string>PBXFileReference</string>
			<key>lastKnownFileType</key>
			<string>sourcecode.c.h</string>
			<key>path</key>
			<string>UIImage+HHImage.h</string>
			<key>sourceTree</key>
			<string>&lt;group&gt;</string>
		</dict>
		<key>5C5451D11B52BE1D0025D19F</key>
		<dict>
			<key>fileEncoding</key>
			<string>4</string>
			<key>isa</key>
			<string>PBXFileReference</string>
			<key>lastKnownFileType</key>
			<string>sourcecode.c.objc</string>
			<key>path</key>
			<string>UIImage+HHImage.m</string>
			<key>sourceTree</key>
			<string>&lt;group&gt;</string>
		</dict>
		<key>5C5451D21B52BE1D0025D19F</key>
		<dict>
			<key>fileRef</key>
			<string>5C5451D11B52BE1D0025D19F</string>
			<key>isa</key>
			<string>PBXBuildFile</string>
		</dict>
		<key>5CA5B7781B52CFF300312674</key>
		<dict>
			<key>fileEncoding</key>
			<string>4</string>
			<key>isa</key>
			<string>PBXFileReference</string>
			<key>lastKnownFileType</key>
			<string>sourcecode.c.h</string>
			<key>path</key>
			<string>HHMobilePhoneViewController.h</string>
			<key>sourceTree</key>
			<string>&lt;group&gt;</string>
		</dict>
		<key>5CA5B7791B52CFF300312674</key>
		<dict>
			<key>fileEncoding</key>
			<string>4</string>
			<key>isa</key>
			<string>PBXFileReference</string>
			<key>lastKnownFileType</key>
			<string>sourcecode.c.objc</string>
			<key>path</key>
			<string>HHMobilePhoneViewController.m</string>
			<key>sourceTree</key>
			<string>&lt;group&gt;</string>
		</dict>
		<key>5CA5B77A1B52CFF300312674</key>
		<dict>
			<key>fileRef</key>
			<string>5CA5B7791B52CFF300312674</string>
			<key>isa</key>
			<string>PBXBuildFile</string>
		</dict>
		<key>5CA5B77B1B52DF5500312674</key>
		<dict>
			<key>children</key>
			<array>
				<string>5CA5B77C1B52DF9200312674</string>
				<string>5CA5B77D1B52DF9200312674</string>
			</array>
			<key>isa</key>
			<string>PBXGroup</string>
			<key>name</key>
			<string>Login Signup</string>
			<key>path</key>
			<string>Login Signup</string>
			<key>sourceTree</key>
			<string>&lt;group&gt;</string>
		</dict>
		<key>5CA5B77C1B52DF9200312674</key>
		<dict>
			<key>fileEncoding</key>
			<string>4</string>
			<key>isa</key>
			<string>PBXFileReference</string>
			<key>lastKnownFileType</key>
			<string>sourcecode.c.h</string>
			<key>path</key>
			<string>HHTextFieldView.h</string>
			<key>sourceTree</key>
			<string>&lt;group&gt;</string>
		</dict>
		<key>5CA5B77D1B52DF9200312674</key>
		<dict>
			<key>fileEncoding</key>
			<string>4</string>
			<key>isa</key>
			<string>PBXFileReference</string>
			<key>lastKnownFileType</key>
			<string>sourcecode.c.objc</string>
			<key>path</key>
			<string>HHTextFieldView.m</string>
			<key>sourceTree</key>
			<string>&lt;group&gt;</string>
		</dict>
		<key>5CA5B77E1B52DF9200312674</key>
		<dict>
			<key>fileRef</key>
			<string>5CA5B77D1B52DF9200312674</string>
			<key>isa</key>
			<string>PBXBuildFile</string>
		</dict>
		<key>5CA5B77F1B53298000312674</key>
		<dict>
			<key>fileEncoding</key>
			<string>4</string>
			<key>isa</key>
			<string>PBXFileReference</string>
			<key>lastKnownFileType</key>
			<string>sourcecode.c.h</string>
			<key>path</key>
			<string>HHProfileSetupViewController.h</string>
			<key>sourceTree</key>
			<string>&lt;group&gt;</string>
		</dict>
		<key>5CA5B7801B53298000312674</key>
		<dict>
			<key>fileEncoding</key>
			<string>4</string>
			<key>isa</key>
			<string>PBXFileReference</string>
			<key>lastKnownFileType</key>
			<string>sourcecode.c.objc</string>
			<key>path</key>
			<string>HHProfileSetupViewController.m</string>
			<key>sourceTree</key>
			<string>&lt;group&gt;</string>
		</dict>
		<key>5CA5B7811B53298000312674</key>
		<dict>
			<key>fileRef</key>
			<string>5CA5B7801B53298000312674</string>
			<key>isa</key>
			<string>PBXBuildFile</string>
		</dict>
		<key>5CA5B7821B53399200312674</key>
		<dict>
			<key>children</key>
			<array>
				<string>5CA5B7831B533A2200312674</string>
				<string>5CA5B7841B533A2200312674</string>
				<string>5CA5B7851B533A2200312674</string>
				<string>5C5451BB1B51E6B60025D19F</string>
			</array>
			<key>isa</key>
			<string>PBXGroup</string>
			<key>name</key>
			<string>Assests for test</string>
			<key>path</key>
			<string>Assests for test</string>
			<key>sourceTree</key>
			<string>&lt;group&gt;</string>
		</dict>
		<key>5CA5B7831B533A2200312674</key>
		<dict>
			<key>isa</key>
			<string>PBXFileReference</string>
			<key>lastKnownFileType</key>
			<string>image.jpeg</string>
			<key>path</key>
			<string>austin1.jpg</string>
			<key>sourceTree</key>
			<string>&lt;group&gt;</string>
		</dict>
		<key>5CA5B7841B533A2200312674</key>
		<dict>
			<key>isa</key>
			<string>PBXFileReference</string>
			<key>lastKnownFileType</key>
			<string>image.jpeg</string>
			<key>path</key>
			<string>austin2.jpg</string>
			<key>sourceTree</key>
			<string>&lt;group&gt;</string>
		</dict>
		<key>5CA5B7851B533A2200312674</key>
		<dict>
			<key>isa</key>
			<string>PBXFileReference</string>
			<key>lastKnownFileType</key>
			<string>image.jpeg</string>
			<key>path</key>
			<string>austin3.jpg</string>
			<key>sourceTree</key>
			<string>&lt;group&gt;</string>
		</dict>
		<key>5CA5B7861B533A2200312674</key>
		<dict>
			<key>fileRef</key>
			<string>5CA5B7831B533A2200312674</string>
			<key>isa</key>
			<string>PBXBuildFile</string>
		</dict>
		<key>5CA5B7871B533A2200312674</key>
		<dict>
			<key>fileRef</key>
			<string>5CA5B7841B533A2200312674</string>
			<key>isa</key>
			<string>PBXBuildFile</string>
		</dict>
		<key>5CA5B7881B533A2200312674</key>
		<dict>
			<key>fileRef</key>
			<string>5CA5B7851B533A2200312674</string>
			<key>isa</key>
			<string>PBXBuildFile</string>
		</dict>
		<key>5CB5505A1B4CC040005DE447</key>
		<dict>
			<key>children</key>
			<array>
				<string>5CD4E9651B558431003CF15E</string>
				<string>5CD4E9661B558431003CF15E</string>
				<string>5CD4E9671B558431003CF15E</string>
				<string>5CD4E95F1B55837A003CF15E</string>
				<string>5CD4E9601B55837A003CF15E</string>
				<string>5CD4E9611B55837A003CF15E</string>
				<string>5CD4E94D1B558184003CF15E</string>
				<string>5CD4E94E1B558184003CF15E</string>
				<string>5CD4E94F1B558184003CF15E</string>
				<string>5CD4E9471B5580DC003CF15E</string>
				<string>5CD4E9481B5580DC003CF15E</string>
				<string>5CD4E9491B5580DC003CF15E</string>
				<string>5CD4E93E1B55809B003CF15E</string>
				<string>5CD4E93F1B55809B003CF15E</string>
				<string>5CD4E9401B55809B003CF15E</string>
				<string>5CB5505B1B4CC055005DE447</string>
				<string>5CB5505C1B4CC055005DE447</string>
				<string>5CB5505D1B4CC055005DE447</string>
				<string>5CB550611B4CC055005DE447</string>
				<string>5CB550621B4CC055005DE447</string>
				<string>5CB550631B4CC055005DE447</string>
				<string>5CB550671B4CC055005DE447</string>
				<string>5CB550681B4CC055005DE447</string>
				<string>5CB550691B4CC055005DE447</string>
			</array>
			<key>isa</key>
			<string>PBXGroup</string>
			<key>name</key>
			<string>Tab Bar</string>
			<key>path</key>
			<string>Tab Bar</string>
			<key>sourceTree</key>
			<string>&lt;group&gt;</string>
		</dict>
		<key>5CB5505B1B4CC055005DE447</key>
		<dict>
			<key>isa</key>
			<string>PBXFileReference</string>
			<key>lastKnownFileType</key>
			<string>image.png</string>
			<key>path</key>
			<string>calendar_grey@1x.png</string>
			<key>sourceTree</key>
			<string>&lt;group&gt;</string>
		</dict>
		<key>5CB5505C1B4CC055005DE447</key>
		<dict>
			<key>isa</key>
			<string>PBXFileReference</string>
			<key>lastKnownFileType</key>
			<string>image.png</string>
			<key>path</key>
			<string>calendar_grey@2x.png</string>
			<key>sourceTree</key>
			<string>&lt;group&gt;</string>
		</dict>
		<key>5CB5505D1B4CC055005DE447</key>
		<dict>
			<key>isa</key>
			<string>PBXFileReference</string>
			<key>lastKnownFileType</key>
			<string>image.png</string>
			<key>path</key>
			<string>calendar_grey@3x.png</string>
			<key>sourceTree</key>
			<string>&lt;group&gt;</string>
		</dict>
		<key>5CB550611B4CC055005DE447</key>
		<dict>
			<key>isa</key>
			<string>PBXFileReference</string>
			<key>lastKnownFileType</key>
			<string>image.png</string>
			<key>path</key>
			<string>car_grey@1x.png</string>
			<key>sourceTree</key>
			<string>&lt;group&gt;</string>
		</dict>
		<key>5CB550621B4CC055005DE447</key>
		<dict>
			<key>isa</key>
			<string>PBXFileReference</string>
			<key>lastKnownFileType</key>
			<string>image.png</string>
			<key>path</key>
			<string>car_grey@2x.png</string>
			<key>sourceTree</key>
			<string>&lt;group&gt;</string>
		</dict>
		<key>5CB550631B4CC055005DE447</key>
		<dict>
			<key>isa</key>
			<string>PBXFileReference</string>
			<key>lastKnownFileType</key>
			<string>image.png</string>
			<key>path</key>
			<string>car_grey@3x.png</string>
			<key>sourceTree</key>
			<string>&lt;group&gt;</string>
		</dict>
		<key>5CB550671B4CC055005DE447</key>
		<dict>
			<key>isa</key>
			<string>PBXFileReference</string>
			<key>lastKnownFileType</key>
			<string>image.png</string>
			<key>path</key>
			<string>list_grey@1x.png</string>
			<key>sourceTree</key>
			<string>&lt;group&gt;</string>
		</dict>
		<key>5CB550681B4CC055005DE447</key>
		<dict>
			<key>isa</key>
			<string>PBXFileReference</string>
			<key>lastKnownFileType</key>
			<string>image.png</string>
			<key>path</key>
			<string>list_grey@2x.png</string>
			<key>sourceTree</key>
			<string>&lt;group&gt;</string>
		</dict>
		<key>5CB550691B4CC055005DE447</key>
		<dict>
			<key>isa</key>
			<string>PBXFileReference</string>
			<key>lastKnownFileType</key>
			<string>image.png</string>
			<key>path</key>
			<string>list_grey@3x.png</string>
			<key>sourceTree</key>
			<string>&lt;group&gt;</string>
		</dict>
		<key>5CB550731B4CC055005DE447</key>
		<dict>
			<key>fileRef</key>
			<string>5CB5505B1B4CC055005DE447</string>
			<key>isa</key>
			<string>PBXBuildFile</string>
		</dict>
		<key>5CB550741B4CC055005DE447</key>
		<dict>
			<key>fileRef</key>
			<string>5CB5505C1B4CC055005DE447</string>
			<key>isa</key>
			<string>PBXBuildFile</string>
		</dict>
		<key>5CB550751B4CC055005DE447</key>
		<dict>
			<key>fileRef</key>
			<string>5CB5505D1B4CC055005DE447</string>
			<key>isa</key>
			<string>PBXBuildFile</string>
		</dict>
		<key>5CB550791B4CC055005DE447</key>
		<dict>
			<key>fileRef</key>
			<string>5CB550611B4CC055005DE447</string>
			<key>isa</key>
			<string>PBXBuildFile</string>
		</dict>
		<key>5CB5507A1B4CC055005DE447</key>
		<dict>
			<key>fileRef</key>
			<string>5CB550621B4CC055005DE447</string>
			<key>isa</key>
			<string>PBXBuildFile</string>
		</dict>
		<key>5CB5507B1B4CC055005DE447</key>
		<dict>
			<key>fileRef</key>
			<string>5CB550631B4CC055005DE447</string>
			<key>isa</key>
			<string>PBXBuildFile</string>
		</dict>
		<key>5CB5507F1B4CC055005DE447</key>
		<dict>
			<key>fileRef</key>
			<string>5CB550671B4CC055005DE447</string>
			<key>isa</key>
			<string>PBXBuildFile</string>
		</dict>
		<key>5CB550801B4CC055005DE447</key>
		<dict>
			<key>fileRef</key>
			<string>5CB550681B4CC055005DE447</string>
			<key>isa</key>
			<string>PBXBuildFile</string>
		</dict>
		<key>5CB550811B4CC055005DE447</key>
		<dict>
			<key>fileRef</key>
			<string>5CB550691B4CC055005DE447</string>
			<key>isa</key>
			<string>PBXBuildFile</string>
		</dict>
		<key>5CB5508B1B4CC718005DE447</key>
		<dict>
			<key>children</key>
			<array>
				<string>5C5451CD1B52ADE50025D19F</string>
				<string>5C5451CE1B52ADE50025D19F</string>
			</array>
			<key>isa</key>
			<string>PBXGroup</string>
			<key>name</key>
			<string>Buttons</string>
			<key>path</key>
			<string>Buttons</string>
			<key>sourceTree</key>
			<string>&lt;group&gt;</string>
		</dict>
		<key>5CC3B5F21B48268A00D10DFB</key>
		<dict>
			<key>children</key>
			<array>
				<string>5CC3B5FD1B48268A00D10DFB</string>
				<string>5CC3B6171B48268A00D10DFB</string>
				<string>5CC3B5FC1B48268A00D10DFB</string>
				<string>9F9FAF418A99FA3C4406DAC1</string>
				<string>D888D3204AF4D3C403817A89</string>
			</array>
			<key>isa</key>
			<string>PBXGroup</string>
			<key>sourceTree</key>
			<string>&lt;group&gt;</string>
		</dict>
		<key>5CC3B5F31B48268A00D10DFB</key>
		<dict>
			<key>attributes</key>
			<dict>
				<key>CLASSPREFIX</key>
				<string>HH</string>
				<key>LastUpgradeCheck</key>
				<string>0640</string>
				<key>ORGANIZATIONNAME</key>
				<string>Zixiao Wang</string>
				<key>TargetAttributes</key>
				<dict>
					<key>5CC3B5FA1B48268A00D10DFB</key>
					<dict>
						<key>CreatedOnToolsVersion</key>
						<string>6.4</string>
					</dict>
					<key>5CC3B6131B48268A00D10DFB</key>
					<dict>
						<key>CreatedOnToolsVersion</key>
						<string>6.4</string>
						<key>TestTargetID</key>
						<string>5CC3B5FA1B48268A00D10DFB</string>
					</dict>
				</dict>
			</dict>
			<key>buildConfigurationList</key>
			<string>5CC3B5F61B48268A00D10DFB</string>
			<key>compatibilityVersion</key>
			<string>Xcode 3.2</string>
			<key>developmentRegion</key>
			<string>English</string>
			<key>hasScannedForEncodings</key>
			<string>0</string>
			<key>isa</key>
			<string>PBXProject</string>
			<key>knownRegions</key>
			<array>
				<string>en</string>
				<string>Base</string>
			</array>
			<key>mainGroup</key>
			<string>5CC3B5F21B48268A00D10DFB</string>
			<key>productRefGroup</key>
			<string>5CC3B5FC1B48268A00D10DFB</string>
			<key>projectDirPath</key>
			<string></string>
			<key>projectReferences</key>
			<array/>
			<key>projectRoot</key>
			<string></string>
			<key>targets</key>
			<array>
				<string>5CC3B5FA1B48268A00D10DFB</string>
				<string>5CC3B6131B48268A00D10DFB</string>
			</array>
		</dict>
		<key>5CC3B5F61B48268A00D10DFB</key>
		<dict>
			<key>buildConfigurations</key>
			<array>
				<string>5CC3B61C1B48268A00D10DFB</string>
				<string>5CC3B61D1B48268A00D10DFB</string>
			</array>
			<key>defaultConfigurationIsVisible</key>
			<string>0</string>
			<key>defaultConfigurationName</key>
			<string>Release</string>
			<key>isa</key>
			<string>XCConfigurationList</string>
		</dict>
		<key>5CC3B5F71B48268A00D10DFB</key>
		<dict>
			<key>buildActionMask</key>
			<string>2147483647</string>
			<key>files</key>
			<array>
				<string>5CA5B77E1B52DF9200312674</string>
				<string>5C5451A01B5154560025D19F</string>
				<string>5C39808B1B4BFFB20057B049</string>
				<string>5C5451C21B52A48F0025D19F</string>
				<string>5C5451CF1B52ADE50025D19F</string>
				<string>5C5451911B4F67200025D19F</string>
				<string>5C5451991B50B5910025D19F</string>
				<string>5C3980711B4AAD450057B049</string>
				<string>5C5451D21B52BE1D0025D19F</string>
				<string>5CC3B6041B48268A00D10DFB</string>
				<string>5C54517B1B4EA5130025D19F</string>
				<string>5C39807A1B4ACA2B0057B049</string>
				<string>5C3980951B4C1A180057B049</string>
				<string>5C5451C61B52A7760025D19F</string>
				<string>5CC3B6011B48268A00D10DFB</string>
				<string>5C3980981B4C1A2A0057B049</string>
				<string>5C3980911B4C17900057B049</string>
				<string>5CA5B77A1B52CFF300312674</string>
				<string>5C10F92E1B49E85200992B63</string>
				<string>5C3980851B4AD7DE0057B049</string>
				<string>5C3980701B4AAD450057B049</string>
				<string>5CA5B7811B53298000312674</string>
				<string>5C5451BF1B52A2D40025D19F</string>
			</array>
			<key>isa</key>
			<string>PBXSourcesBuildPhase</string>
			<key>runOnlyForDeploymentPostprocessing</key>
			<string>0</string>
		</dict>
		<key>5CC3B5F81B48268A00D10DFB</key>
		<dict>
			<key>buildActionMask</key>
			<string>2147483647</string>
			<key>files</key>
			<array>
				<string>5C5451A81B51A7520025D19F</string>
				<string>5C5451A61B51A7480025D19F</string>
				<string>D68F0EFAEA66F3DCDFE972F8</string>
			</array>
			<key>isa</key>
			<string>PBXFrameworksBuildPhase</string>
			<key>runOnlyForDeploymentPostprocessing</key>
			<string>0</string>
		</dict>
		<key>5CC3B5F91B48268A00D10DFB</key>
		<dict>
			<key>buildActionMask</key>
			<string>2147483647</string>
			<key>files</key>
			<array>
				<string>5CD4E9501B558184003CF15E</string>
				<string>5CD4E94A1B5580DC003CF15E</string>
				<string>5C3980A41B4C3E5E0057B049</string>
				<string>5C3980A51B4C3E5E0057B049</string>
				<string>5CD4E9741B55B5A6003CF15E</string>
				<string>5C5451B71B51AC9D0025D19F</string>
				<string>5CA5B7861B533A2200312674</string>
				<string>5CB550751B4CC055005DE447</string>
				<string>5CD4E9511B558184003CF15E</string>
				<string>5CD4E9641B55837A003CF15E</string>
				<string>5C3980A61B4C3E5E0057B049</string>
				<string>5CB550731B4CC055005DE447</string>
				<string>5CD4E9621B55837A003CF15E</string>
				<string>5C3980A71B4C3E5E0057B049</string>
				<string>5CD4E96A1B558431003CF15E</string>
				<string>5C5451B41B51AC9D0025D19F</string>
				<string>5CD4E9761B55B5A6003CF15E</string>
				<string>5CD4E94C1B5580DC003CF15E</string>
				<string>5CB5507A1B4CC055005DE447</string>
				<string>5CB550811B4CC055005DE447</string>
				<string>5C3980A81B4C3E5E0057B049</string>
				<string>5C3980A91B4C3E5E0057B049</string>
				<string>5CD4E9451B55809B003CF15E</string>
				<string>5CD4E9751B55B5A6003CF15E</string>
				<string>5C5451B81B51AC9D0025D19F</string>
				<string>5C3980AA1B4C3E5E0057B049</string>
				<string>5CD4E9461B55809B003CF15E</string>
				<string>5C5451B21B51AC9D0025D19F</string>
				<string>5C5451B31B51AC9D0025D19F</string>
				<string>5CB5507B1B4CC055005DE447</string>
				<string>5CB550801B4CC055005DE447</string>
				<string>5C5451951B50B4AD0025D19F</string>
				<string>5C5451B91B51AC9D0025D19F</string>
				<string>5CD4E9441B55809B003CF15E</string>
				<string>5CC3B60C1B48268A00D10DFB</string>
				<string>5C5451B51B51AC9D0025D19F</string>
				<string>5CB5507F1B4CC055005DE447</string>
				<string>5CA5B7871B533A2200312674</string>
				<string>5CA5B7881B533A2200312674</string>
				<string>5CD4E9691B558431003CF15E</string>
				<string>5C5451BC1B51E6B60025D19F</string>
				<string>5CB550741B4CC055005DE447</string>
				<string>5C5451BA1B51AC9D0025D19F</string>
				<string>5CD4E9521B558184003CF15E</string>
				<string>5CD4E9681B558431003CF15E</string>
				<string>5CD4E94B1B5580DC003CF15E</string>
				<string>5CB550791B4CC055005DE447</string>
				<string>5C5451B61B51AC9D0025D19F</string>
				<string>5C5451A41B5163F00025D19F</string>
				<string>5CD4E9631B55837A003CF15E</string>
			</array>
			<key>isa</key>
			<string>PBXResourcesBuildPhase</string>
			<key>runOnlyForDeploymentPostprocessing</key>
			<string>0</string>
		</dict>
		<key>5CC3B5FA1B48268A00D10DFB</key>
		<dict>
			<key>buildConfigurationList</key>
			<string>5CC3B61E1B48268A00D10DFB</string>
			<key>buildPhases</key>
			<array>
				<string>AEE90F3E5D902269754A42DB</string>
				<string>5CC3B5F71B48268A00D10DFB</string>
				<string>5CC3B5F81B48268A00D10DFB</string>
				<string>5CC3B5F91B48268A00D10DFB</string>
				<string>A868DAA32E76318D9FB472A8</string>
			</array>
			<key>buildRules</key>
			<array/>
			<key>dependencies</key>
			<array/>
			<key>isa</key>
			<string>PBXNativeTarget</string>
			<key>name</key>
			<string>hahaxueche</string>
			<key>productName</key>
			<string>hahaxueche</string>
			<key>productReference</key>
			<string>5CC3B5FB1B48268A00D10DFB</string>
			<key>productType</key>
			<string>com.apple.product-type.application</string>
		</dict>
		<key>5CC3B5FB1B48268A00D10DFB</key>
		<dict>
			<key>explicitFileType</key>
			<string>wrapper.application</string>
			<key>includeInIndex</key>
			<string>0</string>
			<key>isa</key>
			<string>PBXFileReference</string>
			<key>path</key>
			<string>hahaxueche.app</string>
			<key>sourceTree</key>
			<string>BUILT_PRODUCTS_DIR</string>
		</dict>
		<key>5CC3B5FC1B48268A00D10DFB</key>
		<dict>
			<key>children</key>
			<array>
				<string>5CC3B5FB1B48268A00D10DFB</string>
				<string>5CC3B6141B48268A00D10DFB</string>
			</array>
			<key>isa</key>
			<string>PBXGroup</string>
			<key>name</key>
			<string>Products</string>
			<key>sourceTree</key>
			<string>&lt;group&gt;</string>
		</dict>
		<key>5CC3B5FD1B48268A00D10DFB</key>
		<dict>
			<key>children</key>
			<array>
				<string>5C10F94C1B49F2DE00992B63</string>
				<string>5C10F92B1B49E7CD00992B63</string>
				<string>5C10F9271B49E6F100992B63</string>
				<string>5C10F9261B49631200992B63</string>
				<string>5C10F9251B4962F300992B63</string>
				<string>5C10F9241B4962EA00992B63</string>
				<string>5C10F9231B49618300992B63</string>
				<string>5CC3B6021B48268A00D10DFB</string>
				<string>5CC3B6031B48268A00D10DFB</string>
				<string>5CC3B60B1B48268A00D10DFB</string>
				<string>5CC3B5FE1B48268A00D10DFB</string>
			</array>
			<key>isa</key>
			<string>PBXGroup</string>
			<key>path</key>
			<string>hahaxueche</string>
			<key>sourceTree</key>
			<string>&lt;group&gt;</string>
		</dict>
		<key>5CC3B5FE1B48268A00D10DFB</key>
		<dict>
			<key>children</key>
			<array>
				<string>5C39809C1B4C3D5B0057B049</string>
				<string>5CC3B5FF1B48268A00D10DFB</string>
				<string>5C39809D1B4C3D7E0057B049</string>
				<string>5C39809E1B4C3D7E0057B049</string>
				<string>5C39809F1B4C3D7E0057B049</string>
				<string>5C3980A01B4C3D7E0057B049</string>
				<string>5C3980A11B4C3D7E0057B049</string>
				<string>5C3980A21B4C3D7E0057B049</string>
				<string>5C3980A31B4C3D7E0057B049</string>
				<string>5CC3B6001B48268A00D10DFB</string>
			</array>
			<key>isa</key>
			<string>PBXGroup</string>
			<key>path</key>
			<string>Supporting Files</string>
			<key>sourceTree</key>
			<string>&lt;group&gt;</string>
		</dict>
		<key>5CC3B5FF1B48268A00D10DFB</key>
		<dict>
			<key>isa</key>
			<string>PBXFileReference</string>
			<key>lastKnownFileType</key>
			<string>text.plist.xml</string>
			<key>path</key>
			<string>Info.plist</string>
			<key>sourceTree</key>
			<string>&lt;group&gt;</string>
		</dict>
		<key>5CC3B6001B48268A00D10DFB</key>
		<dict>
			<key>isa</key>
			<string>PBXFileReference</string>
			<key>lastKnownFileType</key>
			<string>sourcecode.c.objc</string>
			<key>path</key>
			<string>main.m</string>
			<key>sourceTree</key>
			<string>&lt;group&gt;</string>
		</dict>
		<key>5CC3B6011B48268A00D10DFB</key>
		<dict>
			<key>fileRef</key>
			<string>5CC3B6001B48268A00D10DFB</string>
			<key>isa</key>
			<string>PBXBuildFile</string>
		</dict>
		<key>5CC3B6021B48268A00D10DFB</key>
		<dict>
			<key>isa</key>
			<string>PBXFileReference</string>
			<key>lastKnownFileType</key>
			<string>sourcecode.c.h</string>
			<key>path</key>
			<string>HHAppDelegate.h</string>
			<key>sourceTree</key>
			<string>&lt;group&gt;</string>
		</dict>
		<key>5CC3B6031B48268A00D10DFB</key>
		<dict>
			<key>isa</key>
			<string>PBXFileReference</string>
			<key>lastKnownFileType</key>
			<string>sourcecode.c.objc</string>
			<key>path</key>
			<string>HHAppDelegate.m</string>
			<key>sourceTree</key>
			<string>&lt;group&gt;</string>
		</dict>
		<key>5CC3B6041B48268A00D10DFB</key>
		<dict>
			<key>fileRef</key>
			<string>5CC3B6031B48268A00D10DFB</string>
			<key>isa</key>
			<string>PBXBuildFile</string>
		</dict>
		<key>5CC3B60B1B48268A00D10DFB</key>
		<dict>
			<key>isa</key>
			<string>PBXFileReference</string>
			<key>lastKnownFileType</key>
			<string>folder.assetcatalog</string>
			<key>path</key>
			<string>Images.xcassets</string>
			<key>sourceTree</key>
			<string>&lt;group&gt;</string>
		</dict>
		<key>5CC3B60C1B48268A00D10DFB</key>
		<dict>
			<key>fileRef</key>
			<string>5CC3B60B1B48268A00D10DFB</string>
			<key>isa</key>
			<string>PBXBuildFile</string>
		</dict>
		<key>5CC3B6101B48268A00D10DFB</key>
		<dict>
			<key>buildActionMask</key>
			<string>2147483647</string>
			<key>files</key>
			<array>
				<string>5CC3B61B1B48268A00D10DFB</string>
			</array>
			<key>isa</key>
			<string>PBXSourcesBuildPhase</string>
			<key>runOnlyForDeploymentPostprocessing</key>
			<string>0</string>
		</dict>
		<key>5CC3B6111B48268A00D10DFB</key>
		<dict>
			<key>buildActionMask</key>
			<string>2147483647</string>
			<key>files</key>
			<array/>
			<key>isa</key>
			<string>PBXFrameworksBuildPhase</string>
			<key>runOnlyForDeploymentPostprocessing</key>
			<string>0</string>
		</dict>
		<key>5CC3B6121B48268A00D10DFB</key>
		<dict>
			<key>buildActionMask</key>
			<string>2147483647</string>
			<key>files</key>
			<array/>
			<key>isa</key>
			<string>PBXResourcesBuildPhase</string>
			<key>runOnlyForDeploymentPostprocessing</key>
			<string>0</string>
		</dict>
		<key>5CC3B6131B48268A00D10DFB</key>
		<dict>
			<key>buildConfigurationList</key>
			<string>5CC3B6211B48268A00D10DFB</string>
			<key>buildPhases</key>
			<array>
				<string>5CC3B6101B48268A00D10DFB</string>
				<string>5CC3B6111B48268A00D10DFB</string>
				<string>5CC3B6121B48268A00D10DFB</string>
			</array>
			<key>buildRules</key>
			<array/>
			<key>dependencies</key>
			<array>
				<string>5CC3B6161B48268A00D10DFB</string>
			</array>
			<key>isa</key>
			<string>PBXNativeTarget</string>
			<key>name</key>
			<string>hahaxuecheTests</string>
			<key>productName</key>
			<string>hahaxuecheTests</string>
			<key>productReference</key>
			<string>5CC3B6141B48268A00D10DFB</string>
			<key>productType</key>
			<string>com.apple.product-type.bundle.unit-test</string>
		</dict>
		<key>5CC3B6141B48268A00D10DFB</key>
		<dict>
			<key>explicitFileType</key>
			<string>wrapper.cfbundle</string>
			<key>includeInIndex</key>
			<string>0</string>
			<key>isa</key>
			<string>PBXFileReference</string>
			<key>path</key>
			<string>hahaxuecheTests.xctest</string>
			<key>sourceTree</key>
			<string>BUILT_PRODUCTS_DIR</string>
		</dict>
		<key>5CC3B6151B48268A00D10DFB</key>
		<dict>
			<key>containerPortal</key>
			<string>5CC3B5F31B48268A00D10DFB</string>
			<key>isa</key>
			<string>PBXContainerItemProxy</string>
			<key>proxyType</key>
			<string>1</string>
			<key>remoteGlobalIDString</key>
			<string>5CC3B5FA1B48268A00D10DFB</string>
			<key>remoteInfo</key>
			<string>hahaxueche</string>
		</dict>
		<key>5CC3B6161B48268A00D10DFB</key>
		<dict>
			<key>isa</key>
			<string>PBXTargetDependency</string>
			<key>target</key>
			<string>5CC3B5FA1B48268A00D10DFB</string>
			<key>targetProxy</key>
			<string>5CC3B6151B48268A00D10DFB</string>
		</dict>
		<key>5CC3B6171B48268A00D10DFB</key>
		<dict>
			<key>children</key>
			<array>
				<string>5CC3B61A1B48268A00D10DFB</string>
				<string>5CC3B6181B48268A00D10DFB</string>
			</array>
			<key>isa</key>
			<string>PBXGroup</string>
			<key>path</key>
			<string>hahaxuecheTests</string>
			<key>sourceTree</key>
			<string>&lt;group&gt;</string>
		</dict>
		<key>5CC3B6181B48268A00D10DFB</key>
		<dict>
			<key>children</key>
			<array>
				<string>5CC3B6191B48268A00D10DFB</string>
			</array>
			<key>isa</key>
			<string>PBXGroup</string>
			<key>path</key>
			<string>Supporting Files</string>
			<key>sourceTree</key>
			<string>&lt;group&gt;</string>
		</dict>
		<key>5CC3B6191B48268A00D10DFB</key>
		<dict>
			<key>isa</key>
			<string>PBXFileReference</string>
			<key>lastKnownFileType</key>
			<string>text.plist.xml</string>
			<key>path</key>
			<string>Info.plist</string>
			<key>sourceTree</key>
			<string>&lt;group&gt;</string>
		</dict>
		<key>5CC3B61A1B48268A00D10DFB</key>
		<dict>
			<key>isa</key>
			<string>PBXFileReference</string>
			<key>lastKnownFileType</key>
			<string>sourcecode.c.objc</string>
			<key>path</key>
			<string>hahaxuecheTests.m</string>
			<key>sourceTree</key>
			<string>&lt;group&gt;</string>
		</dict>
		<key>5CC3B61B1B48268A00D10DFB</key>
		<dict>
			<key>fileRef</key>
			<string>5CC3B61A1B48268A00D10DFB</string>
			<key>isa</key>
			<string>PBXBuildFile</string>
		</dict>
		<key>5CC3B61C1B48268A00D10DFB</key>
		<dict>
			<key>buildSettings</key>
			<dict>
				<key>ALWAYS_SEARCH_USER_PATHS</key>
				<string>NO</string>
				<key>CLANG_CXX_LANGUAGE_STANDARD</key>
				<string>gnu++0x</string>
				<key>CLANG_CXX_LIBRARY</key>
				<string>libc++</string>
				<key>CLANG_ENABLE_MODULES</key>
				<string>YES</string>
				<key>CLANG_ENABLE_OBJC_ARC</key>
				<string>YES</string>
				<key>CLANG_WARN_BOOL_CONVERSION</key>
				<string>YES</string>
				<key>CLANG_WARN_CONSTANT_CONVERSION</key>
				<string>YES</string>
				<key>CLANG_WARN_DIRECT_OBJC_ISA_USAGE</key>
				<string>YES_ERROR</string>
				<key>CLANG_WARN_EMPTY_BODY</key>
				<string>YES</string>
				<key>CLANG_WARN_ENUM_CONVERSION</key>
				<string>YES</string>
				<key>CLANG_WARN_INT_CONVERSION</key>
				<string>YES</string>
				<key>CLANG_WARN_OBJC_ROOT_CLASS</key>
				<string>YES_ERROR</string>
				<key>CLANG_WARN_UNREACHABLE_CODE</key>
				<string>YES</string>
				<key>CLANG_WARN__DUPLICATE_METHOD_MATCH</key>
				<string>YES</string>
				<key>CODE_SIGN_IDENTITY[sdk=iphoneos*]</key>
				<string>iPhone Developer</string>
				<key>COPY_PHASE_STRIP</key>
				<string>NO</string>
				<key>DEBUG_INFORMATION_FORMAT</key>
				<string>dwarf-with-dsym</string>
				<key>ENABLE_STRICT_OBJC_MSGSEND</key>
				<string>YES</string>
				<key>GCC_C_LANGUAGE_STANDARD</key>
				<string>gnu99</string>
				<key>GCC_DYNAMIC_NO_PIC</key>
				<string>NO</string>
				<key>GCC_NO_COMMON_BLOCKS</key>
				<string>YES</string>
				<key>GCC_OPTIMIZATION_LEVEL</key>
				<string>0</string>
				<key>GCC_PREPROCESSOR_DEFINITIONS</key>
				<array>
					<string>DEBUG=1</string>
					<string>$(inherited)</string>
				</array>
				<key>GCC_SYMBOLS_PRIVATE_EXTERN</key>
				<string>NO</string>
				<key>GCC_WARN_64_TO_32_BIT_CONVERSION</key>
				<string>YES</string>
				<key>GCC_WARN_ABOUT_RETURN_TYPE</key>
				<string>YES_ERROR</string>
				<key>GCC_WARN_UNDECLARED_SELECTOR</key>
				<string>YES</string>
				<key>GCC_WARN_UNINITIALIZED_AUTOS</key>
				<string>YES_AGGRESSIVE</string>
				<key>GCC_WARN_UNUSED_FUNCTION</key>
				<string>YES</string>
				<key>GCC_WARN_UNUSED_VARIABLE</key>
				<string>YES</string>
				<key>IPHONEOS_DEPLOYMENT_TARGET</key>
				<string>8.4</string>
				<key>MTL_ENABLE_DEBUG_INFO</key>
				<string>YES</string>
				<key>ONLY_ACTIVE_ARCH</key>
				<string>YES</string>
				<key>SDKROOT</key>
				<string>iphoneos</string>
			</dict>
			<key>isa</key>
			<string>XCBuildConfiguration</string>
			<key>name</key>
			<string>Debug</string>
		</dict>
		<key>5CC3B61D1B48268A00D10DFB</key>
		<dict>
			<key>buildSettings</key>
			<dict>
				<key>ALWAYS_SEARCH_USER_PATHS</key>
				<string>NO</string>
				<key>CLANG_CXX_LANGUAGE_STANDARD</key>
				<string>gnu++0x</string>
				<key>CLANG_CXX_LIBRARY</key>
				<string>libc++</string>
				<key>CLANG_ENABLE_MODULES</key>
				<string>YES</string>
				<key>CLANG_ENABLE_OBJC_ARC</key>
				<string>YES</string>
				<key>CLANG_WARN_BOOL_CONVERSION</key>
				<string>YES</string>
				<key>CLANG_WARN_CONSTANT_CONVERSION</key>
				<string>YES</string>
				<key>CLANG_WARN_DIRECT_OBJC_ISA_USAGE</key>
				<string>YES_ERROR</string>
				<key>CLANG_WARN_EMPTY_BODY</key>
				<string>YES</string>
				<key>CLANG_WARN_ENUM_CONVERSION</key>
				<string>YES</string>
				<key>CLANG_WARN_INT_CONVERSION</key>
				<string>YES</string>
				<key>CLANG_WARN_OBJC_ROOT_CLASS</key>
				<string>YES_ERROR</string>
				<key>CLANG_WARN_UNREACHABLE_CODE</key>
				<string>YES</string>
				<key>CLANG_WARN__DUPLICATE_METHOD_MATCH</key>
				<string>YES</string>
				<key>CODE_SIGN_IDENTITY[sdk=iphoneos*]</key>
				<string>iPhone Developer</string>
				<key>COPY_PHASE_STRIP</key>
				<string>NO</string>
				<key>DEBUG_INFORMATION_FORMAT</key>
				<string>dwarf-with-dsym</string>
				<key>ENABLE_NS_ASSERTIONS</key>
				<string>NO</string>
				<key>ENABLE_STRICT_OBJC_MSGSEND</key>
				<string>YES</string>
				<key>GCC_C_LANGUAGE_STANDARD</key>
				<string>gnu99</string>
				<key>GCC_NO_COMMON_BLOCKS</key>
				<string>YES</string>
				<key>GCC_WARN_64_TO_32_BIT_CONVERSION</key>
				<string>YES</string>
				<key>GCC_WARN_ABOUT_RETURN_TYPE</key>
				<string>YES_ERROR</string>
				<key>GCC_WARN_UNDECLARED_SELECTOR</key>
				<string>YES</string>
				<key>GCC_WARN_UNINITIALIZED_AUTOS</key>
				<string>YES_AGGRESSIVE</string>
				<key>GCC_WARN_UNUSED_FUNCTION</key>
				<string>YES</string>
				<key>GCC_WARN_UNUSED_VARIABLE</key>
				<string>YES</string>
				<key>IPHONEOS_DEPLOYMENT_TARGET</key>
				<string>8.4</string>
				<key>MTL_ENABLE_DEBUG_INFO</key>
				<string>NO</string>
				<key>SDKROOT</key>
				<string>iphoneos</string>
				<key>VALIDATE_PRODUCT</key>
				<string>YES</string>
			</dict>
			<key>isa</key>
			<string>XCBuildConfiguration</string>
			<key>name</key>
			<string>Release</string>
		</dict>
		<key>5CC3B61E1B48268A00D10DFB</key>
		<dict>
			<key>buildConfigurations</key>
			<array>
				<string>5CC3B61F1B48268A00D10DFB</string>
				<string>5CC3B6201B48268A00D10DFB</string>
			</array>
			<key>defaultConfigurationIsVisible</key>
			<string>0</string>
			<key>defaultConfigurationName</key>
			<string>Release</string>
			<key>isa</key>
			<string>XCConfigurationList</string>
		</dict>
		<key>5CC3B61F1B48268A00D10DFB</key>
		<dict>
			<key>baseConfigurationReference</key>
			<string>EFA148D80F7878EC1B2315C7</string>
			<key>buildSettings</key>
			<dict>
				<key>ASSETCATALOG_COMPILER_APPICON_NAME</key>
				<string>AppIcon</string>
				<key>ASSETCATALOG_COMPILER_LAUNCHIMAGE_NAME</key>
				<string>LaunchImage</string>
				<key>INFOPLIST_FILE</key>
				<string>hahaxueche/Supporting Files/Info.plist</string>
				<key>LD_RUNPATH_SEARCH_PATHS</key>
				<string>$(inherited) @executable_path/Frameworks</string>
				<key>ONLY_ACTIVE_ARCH</key>
				<string>NO</string>
				<key>PRODUCT_NAME</key>
				<string>$(TARGET_NAME)</string>
			</dict>
			<key>isa</key>
			<string>XCBuildConfiguration</string>
			<key>name</key>
			<string>Debug</string>
		</dict>
		<key>5CC3B6201B48268A00D10DFB</key>
		<dict>
			<key>baseConfigurationReference</key>
			<string>D8832576172C8DF34558C848</string>
			<key>buildSettings</key>
			<dict>
				<key>ASSETCATALOG_COMPILER_APPICON_NAME</key>
				<string>AppIcon</string>
				<key>ASSETCATALOG_COMPILER_LAUNCHIMAGE_NAME</key>
				<string>LaunchImage</string>
				<key>INFOPLIST_FILE</key>
				<string>hahaxueche/Supporting Files/Info.plist</string>
				<key>LD_RUNPATH_SEARCH_PATHS</key>
				<string>$(inherited) @executable_path/Frameworks</string>
				<key>ONLY_ACTIVE_ARCH</key>
				<string>NO</string>
				<key>PRODUCT_NAME</key>
				<string>$(TARGET_NAME)</string>
			</dict>
			<key>isa</key>
			<string>XCBuildConfiguration</string>
			<key>name</key>
			<string>Release</string>
		</dict>
		<key>5CC3B6211B48268A00D10DFB</key>
		<dict>
			<key>buildConfigurations</key>
			<array>
				<string>5CC3B6221B48268A00D10DFB</string>
				<string>5CC3B6231B48268A00D10DFB</string>
			</array>
			<key>defaultConfigurationIsVisible</key>
			<string>0</string>
			<key>defaultConfigurationName</key>
			<string>Release</string>
			<key>isa</key>
			<string>XCConfigurationList</string>
		</dict>
		<key>5CC3B6221B48268A00D10DFB</key>
		<dict>
			<key>buildSettings</key>
			<dict>
				<key>BUNDLE_LOADER</key>
				<string>$(TEST_HOST)</string>
				<key>FRAMEWORK_SEARCH_PATHS</key>
				<array>
					<string>$(SDKROOT)/Developer/Library/Frameworks</string>
					<string>$(inherited)</string>
				</array>
				<key>GCC_PREPROCESSOR_DEFINITIONS</key>
				<array>
					<string>DEBUG=1</string>
					<string>$(inherited)</string>
				</array>
				<key>INFOPLIST_FILE</key>
				<string>hahaxuecheTests/Supporting Files/Info.plist</string>
				<key>LD_RUNPATH_SEARCH_PATHS</key>
				<string>$(inherited) @executable_path/Frameworks @loader_path/Frameworks</string>
				<key>PRODUCT_NAME</key>
				<string>$(TARGET_NAME)</string>
				<key>TEST_HOST</key>
				<string>$(BUILT_PRODUCTS_DIR)/hahaxueche.app/hahaxueche</string>
			</dict>
			<key>isa</key>
			<string>XCBuildConfiguration</string>
			<key>name</key>
			<string>Debug</string>
		</dict>
		<key>5CC3B6231B48268A00D10DFB</key>
		<dict>
			<key>buildSettings</key>
			<dict>
				<key>BUNDLE_LOADER</key>
				<string>$(TEST_HOST)</string>
				<key>FRAMEWORK_SEARCH_PATHS</key>
				<array>
					<string>$(SDKROOT)/Developer/Library/Frameworks</string>
					<string>$(inherited)</string>
				</array>
				<key>INFOPLIST_FILE</key>
				<string>hahaxuecheTests/Supporting Files/Info.plist</string>
				<key>LD_RUNPATH_SEARCH_PATHS</key>
				<string>$(inherited) @executable_path/Frameworks @loader_path/Frameworks</string>
				<key>PRODUCT_NAME</key>
				<string>$(TARGET_NAME)</string>
				<key>TEST_HOST</key>
				<string>$(BUILT_PRODUCTS_DIR)/hahaxueche.app/hahaxueche</string>
			</dict>
			<key>isa</key>
			<string>XCBuildConfiguration</string>
			<key>name</key>
			<string>Release</string>
		</dict>
		<key>5CD4E93E1B55809B003CF15E</key>
		<dict>
			<key>isa</key>
			<string>PBXFileReference</string>
			<key>lastKnownFileType</key>
			<string>image.png</string>
			<key>path</key>
			<string>car_selected@1x.png</string>
			<key>sourceTree</key>
			<string>&lt;group&gt;</string>
		</dict>
		<key>5CD4E93F1B55809B003CF15E</key>
		<dict>
			<key>isa</key>
			<string>PBXFileReference</string>
			<key>lastKnownFileType</key>
			<string>image.png</string>
			<key>path</key>
			<string>car_selected@2x.png</string>
			<key>sourceTree</key>
			<string>&lt;group&gt;</string>
		</dict>
		<key>5CD4E9401B55809B003CF15E</key>
		<dict>
			<key>isa</key>
			<string>PBXFileReference</string>
			<key>lastKnownFileType</key>
			<string>image.png</string>
			<key>path</key>
			<string>car_selected@3x.png</string>
			<key>sourceTree</key>
			<string>&lt;group&gt;</string>
		</dict>
		<key>5CD4E9441B55809B003CF15E</key>
		<dict>
			<key>fileRef</key>
			<string>5CD4E93E1B55809B003CF15E</string>
			<key>isa</key>
			<string>PBXBuildFile</string>
		</dict>
		<key>5CD4E9451B55809B003CF15E</key>
		<dict>
			<key>fileRef</key>
			<string>5CD4E93F1B55809B003CF15E</string>
			<key>isa</key>
			<string>PBXBuildFile</string>
		</dict>
		<key>5CD4E9461B55809B003CF15E</key>
		<dict>
			<key>fileRef</key>
			<string>5CD4E9401B55809B003CF15E</string>
			<key>isa</key>
			<string>PBXBuildFile</string>
		</dict>
		<key>5CD4E9471B5580DC003CF15E</key>
		<dict>
			<key>isa</key>
			<string>PBXFileReference</string>
			<key>lastKnownFileType</key>
			<string>image.png</string>
			<key>path</key>
			<string>reservation_selected@1x.png</string>
			<key>sourceTree</key>
			<string>&lt;group&gt;</string>
		</dict>
		<key>5CD4E9481B5580DC003CF15E</key>
		<dict>
			<key>isa</key>
			<string>PBXFileReference</string>
			<key>lastKnownFileType</key>
			<string>image.png</string>
			<key>path</key>
			<string>reservation_selected@2x.png</string>
			<key>sourceTree</key>
			<string>&lt;group&gt;</string>
		</dict>
		<key>5CD4E9491B5580DC003CF15E</key>
		<dict>
			<key>isa</key>
			<string>PBXFileReference</string>
			<key>lastKnownFileType</key>
			<string>image.png</string>
			<key>path</key>
			<string>reservation_selected@3x.png</string>
			<key>sourceTree</key>
			<string>&lt;group&gt;</string>
		</dict>
		<key>5CD4E94A1B5580DC003CF15E</key>
		<dict>
			<key>fileRef</key>
			<string>5CD4E9471B5580DC003CF15E</string>
			<key>isa</key>
			<string>PBXBuildFile</string>
		</dict>
		<key>5CD4E94B1B5580DC003CF15E</key>
		<dict>
			<key>fileRef</key>
			<string>5CD4E9481B5580DC003CF15E</string>
			<key>isa</key>
			<string>PBXBuildFile</string>
		</dict>
		<key>5CD4E94C1B5580DC003CF15E</key>
		<dict>
			<key>fileRef</key>
			<string>5CD4E9491B5580DC003CF15E</string>
			<key>isa</key>
			<string>PBXBuildFile</string>
		</dict>
		<key>5CD4E94D1B558184003CF15E</key>
		<dict>
			<key>isa</key>
			<string>PBXFileReference</string>
			<key>lastKnownFileType</key>
			<string>image.png</string>
			<key>path</key>
			<string>list_selected@1x.png</string>
			<key>sourceTree</key>
			<string>&lt;group&gt;</string>
		</dict>
		<key>5CD4E94E1B558184003CF15E</key>
		<dict>
			<key>isa</key>
			<string>PBXFileReference</string>
			<key>lastKnownFileType</key>
			<string>image.png</string>
			<key>path</key>
			<string>list_selected@2x.png</string>
			<key>sourceTree</key>
			<string>&lt;group&gt;</string>
		</dict>
		<key>5CD4E94F1B558184003CF15E</key>
		<dict>
			<key>isa</key>
			<string>PBXFileReference</string>
			<key>lastKnownFileType</key>
			<string>image.png</string>
			<key>path</key>
			<string>list_selected@3x.png</string>
			<key>sourceTree</key>
			<string>&lt;group&gt;</string>
		</dict>
		<key>5CD4E9501B558184003CF15E</key>
		<dict>
			<key>fileRef</key>
			<string>5CD4E94D1B558184003CF15E</string>
			<key>isa</key>
			<string>PBXBuildFile</string>
		</dict>
		<key>5CD4E9511B558184003CF15E</key>
		<dict>
			<key>fileRef</key>
			<string>5CD4E94E1B558184003CF15E</string>
			<key>isa</key>
			<string>PBXBuildFile</string>
		</dict>
		<key>5CD4E9521B558184003CF15E</key>
		<dict>
			<key>fileRef</key>
			<string>5CD4E94F1B558184003CF15E</string>
			<key>isa</key>
			<string>PBXBuildFile</string>
		</dict>
		<key>5CD4E95F1B55837A003CF15E</key>
		<dict>
			<key>isa</key>
			<string>PBXFileReference</string>
			<key>lastKnownFileType</key>
			<string>image.png</string>
			<key>path</key>
			<string>calendar_selected@1x.png</string>
			<key>sourceTree</key>
			<string>&lt;group&gt;</string>
		</dict>
		<key>5CD4E9601B55837A003CF15E</key>
		<dict>
			<key>isa</key>
			<string>PBXFileReference</string>
			<key>lastKnownFileType</key>
			<string>image.png</string>
			<key>path</key>
			<string>calendar_selected@2x.png</string>
			<key>sourceTree</key>
			<string>&lt;group&gt;</string>
		</dict>
		<key>5CD4E9611B55837A003CF15E</key>
		<dict>
			<key>isa</key>
			<string>PBXFileReference</string>
			<key>lastKnownFileType</key>
			<string>image.png</string>
			<key>path</key>
			<string>calendar_selected@3x.png</string>
			<key>sourceTree</key>
			<string>&lt;group&gt;</string>
		</dict>
		<key>5CD4E9621B55837A003CF15E</key>
		<dict>
			<key>fileRef</key>
			<string>5CD4E95F1B55837A003CF15E</string>
			<key>isa</key>
			<string>PBXBuildFile</string>
		</dict>
		<key>5CD4E9631B55837A003CF15E</key>
		<dict>
			<key>fileRef</key>
			<string>5CD4E9601B55837A003CF15E</string>
			<key>isa</key>
			<string>PBXBuildFile</string>
		</dict>
		<key>5CD4E9641B55837A003CF15E</key>
		<dict>
			<key>fileRef</key>
			<string>5CD4E9611B55837A003CF15E</string>
			<key>isa</key>
			<string>PBXBuildFile</string>
		</dict>
		<key>5CD4E9651B558431003CF15E</key>
		<dict>
			<key>isa</key>
			<string>PBXFileReference</string>
			<key>lastKnownFileType</key>
			<string>image.png</string>
			<key>path</key>
			<string>reservation_grey@1x.png</string>
			<key>sourceTree</key>
			<string>&lt;group&gt;</string>
		</dict>
		<key>5CD4E9661B558431003CF15E</key>
		<dict>
			<key>isa</key>
			<string>PBXFileReference</string>
			<key>lastKnownFileType</key>
			<string>image.png</string>
			<key>path</key>
			<string>reservation_grey@2x.png</string>
			<key>sourceTree</key>
			<string>&lt;group&gt;</string>
		</dict>
		<key>5CD4E9671B558431003CF15E</key>
		<dict>
			<key>isa</key>
			<string>PBXFileReference</string>
			<key>lastKnownFileType</key>
			<string>image.png</string>
			<key>path</key>
			<string>reservation_grey@3x.png</string>
			<key>sourceTree</key>
			<string>&lt;group&gt;</string>
		</dict>
		<key>5CD4E9681B558431003CF15E</key>
		<dict>
			<key>fileRef</key>
			<string>5CD4E9651B558431003CF15E</string>
			<key>isa</key>
			<string>PBXBuildFile</string>
		</dict>
		<key>5CD4E9691B558431003CF15E</key>
		<dict>
			<key>fileRef</key>
			<string>5CD4E9661B558431003CF15E</string>
			<key>isa</key>
			<string>PBXBuildFile</string>
		</dict>
		<key>5CD4E96A1B558431003CF15E</key>
		<dict>
			<key>fileRef</key>
			<string>5CD4E9671B558431003CF15E</string>
			<key>isa</key>
			<string>PBXBuildFile</string>
		</dict>
		<key>5CD4E9711B55B5A6003CF15E</key>
		<dict>
			<key>isa</key>
			<string>PBXFileReference</string>
			<key>lastKnownFileType</key>
			<string>image.png</string>
			<key>path</key>
			<string>map@1x.png</string>
			<key>sourceTree</key>
			<string>&lt;group&gt;</string>
		</dict>
		<key>5CD4E9721B55B5A6003CF15E</key>
		<dict>
			<key>isa</key>
			<string>PBXFileReference</string>
			<key>lastKnownFileType</key>
			<string>image.png</string>
			<key>path</key>
			<string>map@2x.png</string>
			<key>sourceTree</key>
			<string>&lt;group&gt;</string>
		</dict>
		<key>5CD4E9731B55B5A6003CF15E</key>
		<dict>
			<key>isa</key>
			<string>PBXFileReference</string>
			<key>lastKnownFileType</key>
			<string>image.png</string>
			<key>path</key>
			<string>map@3x.png</string>
			<key>sourceTree</key>
			<string>&lt;group&gt;</string>
		</dict>
		<key>5CD4E9741B55B5A6003CF15E</key>
		<dict>
			<key>fileRef</key>
			<string>5CD4E9711B55B5A6003CF15E</string>
			<key>isa</key>
			<string>PBXBuildFile</string>
		</dict>
		<key>5CD4E9751B55B5A6003CF15E</key>
		<dict>
			<key>fileRef</key>
			<string>5CD4E9721B55B5A6003CF15E</string>
			<key>isa</key>
			<string>PBXBuildFile</string>
		</dict>
		<key>5CD4E9761B55B5A6003CF15E</key>
		<dict>
			<key>fileRef</key>
			<string>5CD4E9731B55B5A6003CF15E</string>
			<key>isa</key>
			<string>PBXBuildFile</string>
		</dict>
		<key>9F9FAF418A99FA3C4406DAC1</key>
		<dict>
			<key>children</key>
			<array>
				<string>EFA148D80F7878EC1B2315C7</string>
				<string>D8832576172C8DF34558C848</string>
			</array>
			<key>isa</key>
			<string>PBXGroup</string>
			<key>name</key>
			<string>Pods</string>
			<key>sourceTree</key>
			<string>&lt;group&gt;</string>
		</dict>
		<key>A868DAA32E76318D9FB472A8</key>
		<dict>
			<key>buildActionMask</key>
			<string>2147483647</string>
			<key>files</key>
			<array/>
			<key>inputPaths</key>
			<array/>
			<key>isa</key>
			<string>PBXShellScriptBuildPhase</string>
			<key>name</key>
			<string>Copy Pods Resources</string>
			<key>outputPaths</key>
			<array/>
			<key>runOnlyForDeploymentPostprocessing</key>
			<string>0</string>
			<key>shellPath</key>
			<string>/bin/sh</string>
			<key>shellScript</key>
			<string>"${SRCROOT}/Pods/Target Support Files/Pods/Pods-resources.sh"
</string>
			<key>showEnvVarsInLog</key>
			<string>0</string>
		</dict>
		<key>AEE90F3E5D902269754A42DB</key>
		<dict>
			<key>buildActionMask</key>
			<string>2147483647</string>
			<key>files</key>
			<array/>
			<key>inputPaths</key>
			<array/>
			<key>isa</key>
			<string>PBXShellScriptBuildPhase</string>
			<key>name</key>
			<string>Check Pods Manifest.lock</string>
			<key>outputPaths</key>
			<array/>
			<key>runOnlyForDeploymentPostprocessing</key>
			<string>0</string>
			<key>shellPath</key>
			<string>/bin/sh</string>
			<key>shellScript</key>
			<string>diff "${PODS_ROOT}/../Podfile.lock" "${PODS_ROOT}/Manifest.lock" &gt; /dev/null
if [[ $? != 0 ]] ; then
    cat &lt;&lt; EOM
error: The sandbox is not in sync with the Podfile.lock. Run 'pod install' or update your CocoaPods installation.
EOM
    exit 1
fi
</string>
			<key>showEnvVarsInLog</key>
			<string>0</string>
		</dict>
		<key>D5B0110F2ECD81DF5CD4D72E</key>
		<dict>
			<key>explicitFileType</key>
			<string>archive.ar</string>
			<key>includeInIndex</key>
			<string>0</string>
			<key>isa</key>
			<string>PBXFileReference</string>
			<key>path</key>
			<string>libPods.a</string>
			<key>sourceTree</key>
			<string>BUILT_PRODUCTS_DIR</string>
		</dict>
		<key>D68F0EFAEA66F3DCDFE972F8</key>
		<dict>
			<key>fileRef</key>
			<string>D5B0110F2ECD81DF5CD4D72E</string>
			<key>isa</key>
			<string>PBXBuildFile</string>
		</dict>
		<key>D8832576172C8DF34558C848</key>
		<dict>
			<key>includeInIndex</key>
			<string>1</string>
			<key>isa</key>
			<string>PBXFileReference</string>
			<key>lastKnownFileType</key>
			<string>text.xcconfig</string>
			<key>name</key>
			<string>Pods.release.xcconfig</string>
			<key>path</key>
			<string>Pods/Target Support Files/Pods/Pods.release.xcconfig</string>
			<key>sourceTree</key>
			<string>&lt;group&gt;</string>
		</dict>
		<key>D888D3204AF4D3C403817A89</key>
		<dict>
			<key>children</key>
			<array>
				<string>5C5451A71B51A7520025D19F</string>
				<string>5C5451A51B51A7480025D19F</string>
				<string>D5B0110F2ECD81DF5CD4D72E</string>
			</array>
			<key>isa</key>
			<string>PBXGroup</string>
			<key>name</key>
			<string>Frameworks</string>
			<key>sourceTree</key>
			<string>&lt;group&gt;</string>
		</dict>
		<key>EFA148D80F7878EC1B2315C7</key>
		<dict>
			<key>includeInIndex</key>
			<string>1</string>
			<key>isa</key>
			<string>PBXFileReference</string>
			<key>lastKnownFileType</key>
			<string>text.xcconfig</string>
			<key>name</key>
			<string>Pods.debug.xcconfig</string>
			<key>path</key>
			<string>Pods/Target Support Files/Pods/Pods.debug.xcconfig</string>
			<key>sourceTree</key>
			<string>&lt;group&gt;</string>
		</dict>
	</dict>
	<key>rootObject</key>
	<string>5CC3B5F31B48268A00D10DFB</string>
</dict>
</plist>
